// !$*UTF8*$!
{
	archiveVersion = 1;
	classes = {
	};
	objectVersion = 46;
	objects = {

/* Begin PBXBuildFile section */
		4204C9121B02088400169446 /* main.m in Sources */ = {isa = PBXBuildFile; fileRef = 4204C9111B02088400169446 /* main.m */; };
		4204C9151B02088400169446 /* AppDelegate.m in Sources */ = {isa = PBXBuildFile; fileRef = 4204C9141B02088400169446 /* AppDelegate.m */; };
		4204C9181B02088400169446 /* BiggerEnglish.xcdatamodeld in Sources */ = {isa = PBXBuildFile; fileRef = 4204C9161B02088400169446 /* BiggerEnglish.xcdatamodeld */; };
		4204C9231B02088400169446 /* Images.xcassets in Resources */ = {isa = PBXBuildFile; fileRef = 4204C9221B02088400169446 /* Images.xcassets */; };
		4204C9261B02088400169446 /* LaunchScreen.xib in Resources */ = {isa = PBXBuildFile; fileRef = 4204C9241B02088400169446 /* LaunchScreen.xib */; };
		4204C9321B02088400169446 /* BiggerEnglishTests.m in Sources */ = {isa = PBXBuildFile; fileRef = 4204C9311B02088400169446 /* BiggerEnglishTests.m */; };
		429575621B02DE830064FC69 /* BERootViewController.m in Sources */ = {isa = PBXBuildFile; fileRef = 429575611B02DE830064FC69 /* BERootViewController.m */; };
		4295756D1B02DF690064FC69 /* BETranslateViewController.m in Sources */ = {isa = PBXBuildFile; fileRef = 4295756C1B02DF690064FC69 /* BETranslateViewController.m */; };
		429575721B02E2660064FC69 /* BEMenuView.m in Sources */ = {isa = PBXBuildFile; fileRef = 429575711B02E2660064FC69 /* BEMenuView.m */; };
		429575751B02E2EB0064FC69 /* BEMenuSectionView.m in Sources */ = {isa = PBXBuildFile; fileRef = 429575741B02E2EB0064FC69 /* BEMenuSectionView.m */; };
		429575781B02E3D90064FC69 /* BEMenuSectionCell.m in Sources */ = {isa = PBXBuildFile; fileRef = 429575771B02E3D90064FC69 /* BEMenuSectionCell.m */; };
		4295758B1B02EB1E0064FC69 /* EXTScope.m in Sources */ = {isa = PBXBuildFile; fileRef = 429575891B02EB1E0064FC69 /* EXTScope.m */; };
		429575911B02EC620064FC69 /* UIImage+Tint.m in Sources */ = {isa = PBXBuildFile; fileRef = 4295758E1B02EC620064FC69 /* UIImage+Tint.m */; };
		429575951B02F7EE0064FC69 /* BEDailyViewController.m in Sources */ = {isa = PBXBuildFile; fileRef = 429575941B02F7EE0064FC69 /* BEDailyViewController.m */; };
		429575991B0335840064FC69 /* SettingManager.m in Sources */ = {isa = PBXBuildFile; fileRef = 429575981B0335840064FC69 /* SettingManager.m */; };
		4297EC051B04425100CBD8CD /* BEFavouriteViewController.m in Sources */ = {isa = PBXBuildFile; fileRef = 4297EC041B04425100CBD8CD /* BEFavouriteViewController.m */; };
		4297EC081B04427000CBD8CD /* BEWordBookViewController.m in Sources */ = {isa = PBXBuildFile; fileRef = 4297EC071B04427000CBD8CD /* BEWordBookViewController.m */; };
		57492EC90559B49F47308340 /* libPods.a in Frameworks */ = {isa = PBXBuildFile; fileRef = EBE0D67444874CF4C3F471BE /* libPods.a */; };
/* End PBXBuildFile section */

/* Begin PBXContainerItemProxy section */
		4204C92C1B02088400169446 /* PBXContainerItemProxy */ = {
			isa = PBXContainerItemProxy;
			containerPortal = 4204C9041B02088400169446 /* Project object */;
			proxyType = 1;
			remoteGlobalIDString = 4204C90B1B02088400169446;
			remoteInfo = BiggerEnglish;
		};
/* End PBXContainerItemProxy section */

/* Begin PBXFileReference section */
		1668078FD29FAC91890E7440 /* Pods.debug.xcconfig */ = {isa = PBXFileReference; includeInIndex = 1; lastKnownFileType = text.xcconfig; name = Pods.debug.xcconfig; path = "Pods/Target Support Files/Pods/Pods.debug.xcconfig"; sourceTree = "<group>"; };
		4204C90C1B02088400169446 /* BiggerEnglish.app */ = {isa = PBXFileReference; explicitFileType = wrapper.application; includeInIndex = 0; path = BiggerEnglish.app; sourceTree = BUILT_PRODUCTS_DIR; };
		4204C9101B02088400169446 /* Info.plist */ = {isa = PBXFileReference; lastKnownFileType = text.plist.xml; path = Info.plist; sourceTree = "<group>"; };
		4204C9111B02088400169446 /* main.m */ = {isa = PBXFileReference; lastKnownFileType = sourcecode.c.objc; path = main.m; sourceTree = "<group>"; };
		4204C9131B02088400169446 /* AppDelegate.h */ = {isa = PBXFileReference; lastKnownFileType = sourcecode.c.h; path = AppDelegate.h; sourceTree = "<group>"; };
		4204C9141B02088400169446 /* AppDelegate.m */ = {isa = PBXFileReference; lastKnownFileType = sourcecode.c.objc; path = AppDelegate.m; sourceTree = "<group>"; };
		4204C9171B02088400169446 /* BiggerEnglish.xcdatamodel */ = {isa = PBXFileReference; lastKnownFileType = wrapper.xcdatamodel; path = BiggerEnglish.xcdatamodel; sourceTree = "<group>"; };
		4204C9221B02088400169446 /* Images.xcassets */ = {isa = PBXFileReference; lastKnownFileType = folder.assetcatalog; path = Images.xcassets; sourceTree = "<group>"; };
		4204C9251B02088400169446 /* Base */ = {isa = PBXFileReference; lastKnownFileType = file.xib; name = Base; path = Base.lproj/LaunchScreen.xib; sourceTree = "<group>"; };
		4204C92B1B02088400169446 /* BiggerEnglishTests.xctest */ = {isa = PBXFileReference; explicitFileType = wrapper.cfbundle; includeInIndex = 0; path = BiggerEnglishTests.xctest; sourceTree = BUILT_PRODUCTS_DIR; };
		4204C9301B02088400169446 /* Info.plist */ = {isa = PBXFileReference; lastKnownFileType = text.plist.xml; path = Info.plist; sourceTree = "<group>"; };
		4204C9311B02088400169446 /* BiggerEnglishTests.m */ = {isa = PBXFileReference; lastKnownFileType = sourcecode.c.objc; path = BiggerEnglishTests.m; sourceTree = "<group>"; };
		429575601B02DE830064FC69 /* BERootViewController.h */ = {isa = PBXFileReference; fileEncoding = 4; lastKnownFileType = sourcecode.c.h; path = BERootViewController.h; sourceTree = "<group>"; };
		429575611B02DE830064FC69 /* BERootViewController.m */ = {isa = PBXFileReference; fileEncoding = 4; lastKnownFileType = sourcecode.c.objc; path = BERootViewController.m; sourceTree = "<group>"; };
		4295756B1B02DF690064FC69 /* BETranslateViewController.h */ = {isa = PBXFileReference; fileEncoding = 4; lastKnownFileType = sourcecode.c.h; path = BETranslateViewController.h; sourceTree = "<group>"; };
		4295756C1B02DF690064FC69 /* BETranslateViewController.m */ = {isa = PBXFileReference; fileEncoding = 4; lastKnownFileType = sourcecode.c.objc; path = BETranslateViewController.m; sourceTree = "<group>"; };
		429575701B02E2660064FC69 /* BEMenuView.h */ = {isa = PBXFileReference; fileEncoding = 4; lastKnownFileType = sourcecode.c.h; path = BEMenuView.h; sourceTree = "<group>"; };
		429575711B02E2660064FC69 /* BEMenuView.m */ = {isa = PBXFileReference; fileEncoding = 4; lastKnownFileType = sourcecode.c.objc; path = BEMenuView.m; sourceTree = "<group>"; };
		429575731B02E2EB0064FC69 /* BEMenuSectionView.h */ = {isa = PBXFileReference; fileEncoding = 4; lastKnownFileType = sourcecode.c.h; path = BEMenuSectionView.h; sourceTree = "<group>"; };
		429575741B02E2EB0064FC69 /* BEMenuSectionView.m */ = {isa = PBXFileReference; fileEncoding = 4; lastKnownFileType = sourcecode.c.objc; path = BEMenuSectionView.m; sourceTree = "<group>"; };
		429575761B02E3D90064FC69 /* BEMenuSectionCell.h */ = {isa = PBXFileReference; fileEncoding = 4; lastKnownFileType = sourcecode.c.h; path = BEMenuSectionCell.h; sourceTree = "<group>"; };
		429575771B02E3D90064FC69 /* BEMenuSectionCell.m */ = {isa = PBXFileReference; fileEncoding = 4; lastKnownFileType = sourcecode.c.objc; path = BEMenuSectionCell.m; sourceTree = "<group>"; };
		429575861B02E7230064FC69 /* PrefixHeader.pch */ = {isa = PBXFileReference; lastKnownFileType = sourcecode.c.h; path = PrefixHeader.pch; sourceTree = "<group>"; };
		429575881B02EB1E0064FC69 /* EXTScope.h */ = {isa = PBXFileReference; fileEncoding = 4; lastKnownFileType = sourcecode.c.h; path = EXTScope.h; sourceTree = "<group>"; };
		429575891B02EB1E0064FC69 /* EXTScope.m */ = {isa = PBXFileReference; fileEncoding = 4; lastKnownFileType = sourcecode.c.objc; path = EXTScope.m; sourceTree = "<group>"; };
		4295758A1B02EB1E0064FC69 /* metamacros.h */ = {isa = PBXFileReference; fileEncoding = 4; lastKnownFileType = sourcecode.c.h; path = metamacros.h; sourceTree = "<group>"; };
		4295758D1B02EC620064FC69 /* UIImage+Tint.h */ = {isa = PBXFileReference; fileEncoding = 4; lastKnownFileType = sourcecode.c.h; path = "UIImage+Tint.h"; sourceTree = "<group>"; };
		4295758E1B02EC620064FC69 /* UIImage+Tint.m */ = {isa = PBXFileReference; fileEncoding = 4; lastKnownFileType = sourcecode.c.objc; path = "UIImage+Tint.m"; sourceTree = "<group>"; };
		429575931B02F7EE0064FC69 /* BEDailyViewController.h */ = {isa = PBXFileReference; fileEncoding = 4; lastKnownFileType = sourcecode.c.h; path = BEDailyViewController.h; sourceTree = "<group>"; };
		429575941B02F7EE0064FC69 /* BEDailyViewController.m */ = {isa = PBXFileReference; fileEncoding = 4; lastKnownFileType = sourcecode.c.objc; path = BEDailyViewController.m; sourceTree = "<group>"; };
		429575971B0335840064FC69 /* SettingManager.h */ = {isa = PBXFileReference; fileEncoding = 4; lastKnownFileType = sourcecode.c.h; path = SettingManager.h; sourceTree = "<group>"; };
		429575981B0335840064FC69 /* SettingManager.m */ = {isa = PBXFileReference; fileEncoding = 4; lastKnownFileType = sourcecode.c.objc; path = SettingManager.m; sourceTree = "<group>"; };
		4297EC031B04425100CBD8CD /* BEFavouriteViewController.h */ = {isa = PBXFileReference; fileEncoding = 4; lastKnownFileType = sourcecode.c.h; path = BEFavouriteViewController.h; sourceTree = "<group>"; };
		4297EC041B04425100CBD8CD /* BEFavouriteViewController.m */ = {isa = PBXFileReference; fileEncoding = 4; lastKnownFileType = sourcecode.c.objc; path = BEFavouriteViewController.m; sourceTree = "<group>"; };
		4297EC061B04427000CBD8CD /* BEWordBookViewController.h */ = {isa = PBXFileReference; fileEncoding = 4; lastKnownFileType = sourcecode.c.h; path = BEWordBookViewController.h; sourceTree = "<group>"; };
		4297EC071B04427000CBD8CD /* BEWordBookViewController.m */ = {isa = PBXFileReference; fileEncoding = 4; lastKnownFileType = sourcecode.c.objc; path = BEWordBookViewController.m; sourceTree = "<group>"; };
		4297EC0A1B04871B00CBD8CD /* CustomColor.h */ = {isa = PBXFileReference; fileEncoding = 4; lastKnownFileType = sourcecode.c.h; path = CustomColor.h; sourceTree = "<group>"; };
		8897E0F5A25496989256BDC0 /* Pods.release.xcconfig */ = {isa = PBXFileReference; includeInIndex = 1; lastKnownFileType = text.xcconfig; name = Pods.release.xcconfig; path = "Pods/Target Support Files/Pods/Pods.release.xcconfig"; sourceTree = "<group>"; };
		EBE0D67444874CF4C3F471BE /* libPods.a */ = {isa = PBXFileReference; explicitFileType = archive.ar; includeInIndex = 0; path = libPods.a; sourceTree = BUILT_PRODUCTS_DIR; };
/* End PBXFileReference section */

/* Begin PBXFrameworksBuildPhase section */
		4204C9091B02088400169446 /* Frameworks */ = {
			isa = PBXFrameworksBuildPhase;
			buildActionMask = 2147483647;
			files = (
				57492EC90559B49F47308340 /* libPods.a in Frameworks */,
			);
			runOnlyForDeploymentPostprocessing = 0;
		};
		4204C9281B02088400169446 /* Frameworks */ = {
			isa = PBXFrameworksBuildPhase;
			buildActionMask = 2147483647;
			files = (
			);
			runOnlyForDeploymentPostprocessing = 0;
		};
/* End PBXFrameworksBuildPhase section */

/* Begin PBXGroup section */
		34E481181C0472B64B02DF1C /* Pods */ = {
			isa = PBXGroup;
			children = (
				1668078FD29FAC91890E7440 /* Pods.debug.xcconfig */,
				8897E0F5A25496989256BDC0 /* Pods.release.xcconfig */,
			);
			name = Pods;
			sourceTree = "<group>";
		};
		4204C9031B02088400169446 = {
			isa = PBXGroup;
			children = (
				4204C90E1B02088400169446 /* BiggerEnglish */,
				4204C92E1B02088400169446 /* BiggerEnglishTests */,
				4204C90D1B02088400169446 /* Products */,
				34E481181C0472B64B02DF1C /* Pods */,
				CDFE109D945B2180FAD8D1DD /* Frameworks */,
			);
			sourceTree = "<group>";
		};
		4204C90D1B02088400169446 /* Products */ = {
			isa = PBXGroup;
			children = (
				4204C90C1B02088400169446 /* BiggerEnglish.app */,
				4204C92B1B02088400169446 /* BiggerEnglishTests.xctest */,
			);
			name = Products;
			sourceTree = "<group>";
		};
		4204C90E1B02088400169446 /* BiggerEnglish */ = {
			isa = PBXGroup;
			children = (
				4297EC091B04868900CBD8CD /* Resources */,
				429575961B0335690064FC69 /* Managers */,
				4295756E1B02E1DB0064FC69 /* Additions */,
				4295755B1B02DD250064FC69 /* Controllers */,
				4204C9131B02088400169446 /* AppDelegate.h */,
				4204C9141B02088400169446 /* AppDelegate.m */,
				4204C9221B02088400169446 /* Images.xcassets */,
				4204C9241B02088400169446 /* LaunchScreen.xib */,
				4204C9161B02088400169446 /* BiggerEnglish.xcdatamodeld */,
				4204C90F1B02088400169446 /* Supporting Files */,
				429575861B02E7230064FC69 /* PrefixHeader.pch */,
			);
			path = BiggerEnglish;
			sourceTree = "<group>";
		};
		4204C90F1B02088400169446 /* Supporting Files */ = {
			isa = PBXGroup;
			children = (
				4204C9101B02088400169446 /* Info.plist */,
				4204C9111B02088400169446 /* main.m */,
			);
			name = "Supporting Files";
			sourceTree = "<group>";
		};
		4204C92E1B02088400169446 /* BiggerEnglishTests */ = {
			isa = PBXGroup;
			children = (
				4204C9311B02088400169446 /* BiggerEnglishTests.m */,
				4204C92F1B02088400169446 /* Supporting Files */,
			);
			path = BiggerEnglishTests;
			sourceTree = "<group>";
		};
		4204C92F1B02088400169446 /* Supporting Files */ = {
			isa = PBXGroup;
			children = (
				4204C9301B02088400169446 /* Info.plist */,
			);
			name = "Supporting Files";
			sourceTree = "<group>";
		};
		4295755B1B02DD250064FC69 /* Controllers */ = {
			isa = PBXGroup;
			children = (
				429575601B02DE830064FC69 /* BERootViewController.h */,
				429575611B02DE830064FC69 /* BERootViewController.m */,
				4295756A1B02DF5D0064FC69 /* Sections */,
			);
			path = Controllers;
			sourceTree = "<group>";
		};
		4295756A1B02DF5D0064FC69 /* Sections */ = {
			isa = PBXGroup;
			children = (
				4295756B1B02DF690064FC69 /* BETranslateViewController.h */,
				4295756C1B02DF690064FC69 /* BETranslateViewController.m */,
				429575931B02F7EE0064FC69 /* BEDailyViewController.h */,
				429575941B02F7EE0064FC69 /* BEDailyViewController.m */,
				4297EC031B04425100CBD8CD /* BEFavouriteViewController.h */,
				4297EC041B04425100CBD8CD /* BEFavouriteViewController.m */,
				4297EC061B04427000CBD8CD /* BEWordBookViewController.h */,
				4297EC071B04427000CBD8CD /* BEWordBookViewController.m */,
			);
			path = Sections;
			sourceTree = "<group>";
		};
		4295756E1B02E1DB0064FC69 /* Additions */ = {
			isa = PBXGroup;
			children = (
				4295758C1B02EC620064FC69 /* Helpers */,
				429575871B02EB1E0064FC69 /* EXTScope */,
				4295756F1B02E2390064FC69 /* MenuView */,
			);
			path = Additions;
			sourceTree = "<group>";
		};
		4295756F1B02E2390064FC69 /* MenuView */ = {
			isa = PBXGroup;
			children = (
				429575701B02E2660064FC69 /* BEMenuView.h */,
				429575711B02E2660064FC69 /* BEMenuView.m */,
				429575731B02E2EB0064FC69 /* BEMenuSectionView.h */,
				429575741B02E2EB0064FC69 /* BEMenuSectionView.m */,
				429575761B02E3D90064FC69 /* BEMenuSectionCell.h */,
				429575771B02E3D90064FC69 /* BEMenuSectionCell.m */,
			);
			path = MenuView;
			sourceTree = "<group>";
		};
		429575871B02EB1E0064FC69 /* EXTScope */ = {
			isa = PBXGroup;
			children = (
				429575881B02EB1E0064FC69 /* EXTScope.h */,
				429575891B02EB1E0064FC69 /* EXTScope.m */,
				4295758A1B02EB1E0064FC69 /* metamacros.h */,
			);
			path = EXTScope;
			sourceTree = "<group>";
		};
		4295758C1B02EC620064FC69 /* Helpers */ = {
			isa = PBXGroup;
			children = (
				4295758D1B02EC620064FC69 /* UIImage+Tint.h */,
				4295758E1B02EC620064FC69 /* UIImage+Tint.m */,
			);
			path = Helpers;
			sourceTree = "<group>";
		};
		429575961B0335690064FC69 /* Managers */ = {
			isa = PBXGroup;
			children = (
				429575971B0335840064FC69 /* SettingManager.h */,
				429575981B0335840064FC69 /* SettingManager.m */,
			);
			path = Managers;
			sourceTree = "<group>";
		};
		4297EC091B04868900CBD8CD /* Resources */ = {
			isa = PBXGroup;
			children = (
				4297EC0A1B04871B00CBD8CD /* CustomColor.h */,
			);
			path = Resources;
			sourceTree = "<group>";
		};
		CDFE109D945B2180FAD8D1DD /* Frameworks */ = {
			isa = PBXGroup;
			children = (
				EBE0D67444874CF4C3F471BE /* libPods.a */,
			);
			name = Frameworks;
			sourceTree = "<group>";
		};
/* End PBXGroup section */

/* Begin PBXNativeTarget section */
		4204C90B1B02088400169446 /* BiggerEnglish */ = {
			isa = PBXNativeTarget;
			buildConfigurationList = 4204C9351B02088400169446 /* Build configuration list for PBXNativeTarget "BiggerEnglish" */;
			buildPhases = (
				D4A475E1B944874B9F10F780 /* Check Pods Manifest.lock */,
				4204C9081B02088400169446 /* Sources */,
				4204C9091B02088400169446 /* Frameworks */,
				4204C90A1B02088400169446 /* Resources */,
				41B3B4ED44BA1CF9B6270F55 /* Copy Pods Resources */,
			);
			buildRules = (
			);
			dependencies = (
			);
			name = BiggerEnglish;
			productName = BiggerEnglish;
			productReference = 4204C90C1B02088400169446 /* BiggerEnglish.app */;
			productType = "com.apple.product-type.application";
		};
		4204C92A1B02088400169446 /* BiggerEnglishTests */ = {
			isa = PBXNativeTarget;
			buildConfigurationList = 4204C9381B02088400169446 /* Build configuration list for PBXNativeTarget "BiggerEnglishTests" */;
			buildPhases = (
				4204C9271B02088400169446 /* Sources */,
				4204C9281B02088400169446 /* Frameworks */,
				4204C9291B02088400169446 /* Resources */,
			);
			buildRules = (
			);
			dependencies = (
				4204C92D1B02088400169446 /* PBXTargetDependency */,
			);
			name = BiggerEnglishTests;
			productName = BiggerEnglishTests;
			productReference = 4204C92B1B02088400169446 /* BiggerEnglishTests.xctest */;
			productType = "com.apple.product-type.bundle.unit-test";
		};
/* End PBXNativeTarget section */

/* Begin PBXProject section */
		4204C9041B02088400169446 /* Project object */ = {
			isa = PBXProject;
			attributes = {
				LastUpgradeCheck = 0630;
				ORGANIZATIONNAME = etonetech;
				TargetAttributes = {
					4204C90B1B02088400169446 = {
						CreatedOnToolsVersion = 6.3.1;
					};
					4204C92A1B02088400169446 = {
						CreatedOnToolsVersion = 6.3.1;
						TestTargetID = 4204C90B1B02088400169446;
					};
				};
			};
			buildConfigurationList = 4204C9071B02088400169446 /* Build configuration list for PBXProject "BiggerEnglish" */;
			compatibilityVersion = "Xcode 3.2";
			developmentRegion = English;
			hasScannedForEncodings = 0;
			knownRegions = (
				en,
				Base,
			);
			mainGroup = 4204C9031B02088400169446;
			productRefGroup = 4204C90D1B02088400169446 /* Products */;
			projectDirPath = "";
			projectRoot = "";
			targets = (
				4204C90B1B02088400169446 /* BiggerEnglish */,
				4204C92A1B02088400169446 /* BiggerEnglishTests */,
			);
		};
/* End PBXProject section */

/* Begin PBXResourcesBuildPhase section */
		4204C90A1B02088400169446 /* Resources */ = {
			isa = PBXResourcesBuildPhase;
			buildActionMask = 2147483647;
			files = (
				4204C9261B02088400169446 /* LaunchScreen.xib in Resources */,
				4204C9231B02088400169446 /* Images.xcassets in Resources */,
			);
			runOnlyForDeploymentPostprocessing = 0;
		};
		4204C9291B02088400169446 /* Resources */ = {
			isa = PBXResourcesBuildPhase;
			buildActionMask = 2147483647;
			files = (
			);
			runOnlyForDeploymentPostprocessing = 0;
		};
/* End PBXResourcesBuildPhase section */

/* Begin PBXShellScriptBuildPhase section */
		41B3B4ED44BA1CF9B6270F55 /* Copy Pods Resources */ = {
			isa = PBXShellScriptBuildPhase;
			buildActionMask = 2147483647;
			files = (
			);
			inputPaths = (
			);
			name = "Copy Pods Resources";
			outputPaths = (
			);
			runOnlyForDeploymentPostprocessing = 0;
			shellPath = /bin/sh;
			shellScript = "\"${SRCROOT}/Pods/Target Support Files/Pods/Pods-resources.sh\"\n";
			showEnvVarsInLog = 0;
		};
		D4A475E1B944874B9F10F780 /* Check Pods Manifest.lock */ = {
			isa = PBXShellScriptBuildPhase;
			buildActionMask = 2147483647;
			files = (
			);
			inputPaths = (
			);
			name = "Check Pods Manifest.lock";
			outputPaths = (
			);
			runOnlyForDeploymentPostprocessing = 0;
			shellPath = /bin/sh;
			shellScript = "diff \"${PODS_ROOT}/../Podfile.lock\" \"${PODS_ROOT}/Manifest.lock\" > /dev/null\nif [[ $? != 0 ]] ; then\n    cat << EOM\nerror: The sandbox is not in sync with the Podfile.lock. Run 'pod install' or update your CocoaPods installation.\nEOM\n    exit 1\nfi\n";
			showEnvVarsInLog = 0;
		};
/* End PBXShellScriptBuildPhase section */

/* Begin PBXSourcesBuildPhase section */
		4204C9081B02088400169446 /* Sources */ = {
			isa = PBXSourcesBuildPhase;
			buildActionMask = 2147483647;
			files = (
				4204C9151B02088400169446 /* AppDelegate.m in Sources */,
				429575751B02E2EB0064FC69 /* BEMenuSectionView.m in Sources */,
				4297EC081B04427000CBD8CD /* BEWordBookViewController.m in Sources */,
				429575621B02DE830064FC69 /* BERootViewController.m in Sources */,
				429575721B02E2660064FC69 /* BEMenuView.m in Sources */,
				4295758B1B02EB1E0064FC69 /* EXTScope.m in Sources */,
				429575911B02EC620064FC69 /* UIImage+Tint.m in Sources */,
				429575951B02F7EE0064FC69 /* BEDailyViewController.m in Sources */,
				4297EC051B04425100CBD8CD /* BEFavouriteViewController.m in Sources */,
				4204C9121B02088400169446 /* main.m in Sources */,
				429575991B0335840064FC69 /* SettingManager.m in Sources */,
				4204C9181B02088400169446 /* BiggerEnglish.xcdatamodeld in Sources */,
				4295756D1B02DF690064FC69 /* BETranslateViewController.m in Sources */,
				429575781B02E3D90064FC69 /* BEMenuSectionCell.m in Sources */,
			);
			runOnlyForDeploymentPostprocessing = 0;
		};
		4204C9271B02088400169446 /* Sources */ = {
			isa = PBXSourcesBuildPhase;
			buildActionMask = 2147483647;
			files = (
				4204C9321B02088400169446 /* BiggerEnglishTests.m in Sources */,
			);
			runOnlyForDeploymentPostprocessing = 0;
		};
/* End PBXSourcesBuildPhase section */

/* Begin PBXTargetDependency section */
		4204C92D1B02088400169446 /* PBXTargetDependency */ = {
			isa = PBXTargetDependency;
			target = 4204C90B1B02088400169446 /* BiggerEnglish */;
			targetProxy = 4204C92C1B02088400169446 /* PBXContainerItemProxy */;
		};
/* End PBXTargetDependency section */

/* Begin PBXVariantGroup section */
		4204C9241B02088400169446 /* LaunchScreen.xib */ = {
			isa = PBXVariantGroup;
			children = (
				4204C9251B02088400169446 /* Base */,
			);
			name = LaunchScreen.xib;
			sourceTree = "<group>";
		};
/* End PBXVariantGroup section */

/* Begin XCBuildConfiguration section */
		4204C9331B02088400169446 /* Debug */ = {
			isa = XCBuildConfiguration;
			buildSettings = {
				ALWAYS_SEARCH_USER_PATHS = NO;
				CLANG_CXX_LANGUAGE_STANDARD = "gnu++0x";
				CLANG_CXX_LIBRARY = "libc++";
				CLANG_ENABLE_MODULES = YES;
				CLANG_ENABLE_OBJC_ARC = YES;
				CLANG_WARN_BOOL_CONVERSION = YES;
				CLANG_WARN_CONSTANT_CONVERSION = YES;
				CLANG_WARN_DIRECT_OBJC_ISA_USAGE = YES_ERROR;
				CLANG_WARN_EMPTY_BODY = YES;
				CLANG_WARN_ENUM_CONVERSION = YES;
				CLANG_WARN_INT_CONVERSION = YES;
				CLANG_WARN_OBJC_ROOT_CLASS = YES_ERROR;
				CLANG_WARN_UNREACHABLE_CODE = YES;
				CLANG_WARN__DUPLICATE_METHOD_MATCH = YES;
				CODE_SIGN_IDENTITY = "iPhone Developer: Wei Feng Hou (MCDSJY34TT)";
				"CODE_SIGN_IDENTITY[sdk=iphoneos*]" = "iPhone Developer";
				COPY_PHASE_STRIP = NO;
				DEBUG_INFORMATION_FORMAT = "dwarf-with-dsym";
				ENABLE_STRICT_OBJC_MSGSEND = YES;
				GCC_C_LANGUAGE_STANDARD = gnu99;
				GCC_DYNAMIC_NO_PIC = NO;
				GCC_NO_COMMON_BLOCKS = YES;
				GCC_OPTIMIZATION_LEVEL = 0;
				GCC_PREPROCESSOR_DEFINITIONS = (
					"DEBUG=1",
					"$(inherited)",
				);
				GCC_SYMBOLS_PRIVATE_EXTERN = NO;
				GCC_WARN_64_TO_32_BIT_CONVERSION = YES;
				GCC_WARN_ABOUT_RETURN_TYPE = YES_ERROR;
				GCC_WARN_UNDECLARED_SELECTOR = YES;
				GCC_WARN_UNINITIALIZED_AUTOS = YES_AGGRESSIVE;
				GCC_WARN_UNUSED_FUNCTION = YES;
				GCC_WARN_UNUSED_VARIABLE = YES;
				IPHONEOS_DEPLOYMENT_TARGET = 8.2;
				MTL_ENABLE_DEBUG_INFO = YES;
				ONLY_ACTIVE_ARCH = YES;
				SDKROOT = iphoneos;
				TARGETED_DEVICE_FAMILY = "1,2";
			};
			name = Debug;
		};
		4204C9341B02088400169446 /* Release */ = {
			isa = XCBuildConfiguration;
			buildSettings = {
				ALWAYS_SEARCH_USER_PATHS = NO;
				CLANG_CXX_LANGUAGE_STANDARD = "gnu++0x";
				CLANG_CXX_LIBRARY = "libc++";
				CLANG_ENABLE_MODULES = YES;
				CLANG_ENABLE_OBJC_ARC = YES;
				CLANG_WARN_BOOL_CONVERSION = YES;
				CLANG_WARN_CONSTANT_CONVERSION = YES;
				CLANG_WARN_DIRECT_OBJC_ISA_USAGE = YES_ERROR;
				CLANG_WARN_EMPTY_BODY = YES;
				CLANG_WARN_ENUM_CONVERSION = YES;
				CLANG_WARN_INT_CONVERSION = YES;
				CLANG_WARN_OBJC_ROOT_CLASS = YES_ERROR;
				CLANG_WARN_UNREACHABLE_CODE = YES;
				CLANG_WARN__DUPLICATE_METHOD_MATCH = YES;
				CODE_SIGN_IDENTITY = "iPhone Developer: Wei Feng Hou (MCDSJY34TT)";
				"CODE_SIGN_IDENTITY[sdk=iphoneos*]" = "iPhone Developer";
				COPY_PHASE_STRIP = NO;
				DEBUG_INFORMATION_FORMAT = "dwarf-with-dsym";
				ENABLE_NS_ASSERTIONS = NO;
				ENABLE_STRICT_OBJC_MSGSEND = YES;
				GCC_C_LANGUAGE_STANDARD = gnu99;
				GCC_NO_COMMON_BLOCKS = YES;
				GCC_WARN_64_TO_32_BIT_CONVERSION = YES;
				GCC_WARN_ABOUT_RETURN_TYPE = YES_ERROR;
				GCC_WARN_UNDECLARED_SELECTOR = YES;
				GCC_WARN_UNINITIALIZED_AUTOS = YES_AGGRESSIVE;
				GCC_WARN_UNUSED_FUNCTION = YES;
				GCC_WARN_UNUSED_VARIABLE = YES;
				IPHONEOS_DEPLOYMENT_TARGET = 8.2;
				MTL_ENABLE_DEBUG_INFO = NO;
				SDKROOT = iphoneos;
				TARGETED_DEVICE_FAMILY = "1,2";
				VALIDATE_PRODUCT = YES;
			};
			name = Release;
		};
		4204C9361B02088400169446 /* Debug */ = {
			isa = XCBuildConfiguration;
			baseConfigurationReference = 1668078FD29FAC91890E7440 /* Pods.debug.xcconfig */;
			buildSettings = {
				ASSETCATALOG_COMPILER_APPICON_NAME = AppIcon;
				GCC_PRECOMPILE_PREFIX_HEADER = YES;
				GCC_PREFIX_HEADER = "$(SRCROOT)/BiggerEnglish/PrefixHeader.pch";
				INFOPLIST_FILE = BiggerEnglish/Info.plist;
				LD_RUNPATH_SEARCH_PATHS = "$(inherited) @executable_path/Frameworks";
				PRODUCT_NAME = "$(TARGET_NAME)";
				TARGETED_DEVICE_FAMILY = 1;
			};
			name = Debug;
		};
		4204C9371B02088400169446 /* Release */ = {
			isa = XCBuildConfiguration;
			baseConfigurationReference = 8897E0F5A25496989256BDC0 /* Pods.release.xcconfig */;
			buildSettings = {
				ASSETCATALOG_COMPILER_APPICON_NAME = AppIcon;
				GCC_PRECOMPILE_PREFIX_HEADER = YES;
				GCC_PREFIX_HEADER = "$(SRCROOT)/BiggerEnglish/PrefixHeader.pch";
				INFOPLIST_FILE = BiggerEnglish/Info.plist;
				LD_RUNPATH_SEARCH_PATHS = "$(inherited) @executable_path/Frameworks";
				PRODUCT_NAME = "$(TARGET_NAME)";
				TARGETED_DEVICE_FAMILY = 1;
			};
			name = Release;
		};
		4204C9391B02088400169446 /* Debug */ = {
			isa = XCBuildConfiguration;
			buildSettings = {
				BUNDLE_LOADER = "$(TEST_HOST)";
				FRAMEWORK_SEARCH_PATHS = (
					"$(SDKROOT)/Developer/Library/Frameworks",
					"$(inherited)",
				);
				GCC_PREPROCESSOR_DEFINITIONS = (
					"DEBUG=1",
					"$(inherited)",
				);
				INFOPLIST_FILE = BiggerEnglishTests/Info.plist;
				LD_RUNPATH_SEARCH_PATHS = "$(inherited) @executable_path/Frameworks @loader_path/Frameworks";
				PRODUCT_NAME = "$(TARGET_NAME)";
				TEST_HOST = "$(BUILT_PRODUCTS_DIR)/BiggerEnglish.app/BiggerEnglish";
			};
			name = Debug;
		};
		4204C93A1B02088400169446 /* Release */ = {
			isa = XCBuildConfiguration;
			buildSettings = {
				BUNDLE_LOADER = "$(TEST_HOST)";
				FRAMEWORK_SEARCH_PATHS = (
					"$(SDKROOT)/Developer/Library/Frameworks",
					"$(inherited)",
				);
				INFOPLIST_FILE = BiggerEnglishTests/Info.plist;
				LD_RUNPATH_SEARCH_PATHS = "$(inherited) @executable_path/Frameworks @loader_path/Frameworks";
				PRODUCT_NAME = "$(TARGET_NAME)";
				TEST_HOST = "$(BUILT_PRODUCTS_DIR)/BiggerEnglish.app/BiggerEnglish";
			};
			name = Release;
		};
/* End XCBuildConfiguration section */

/* Begin XCConfigurationList section */
		4204C9071B02088400169446 /* Build configuration list for PBXProject "BiggerEnglish" */ = {
			isa = XCConfigurationList;
			buildConfigurations = (
				4204C9331B02088400169446 /* Debug */,
				4204C9341B02088400169446 /* Release */,
			);
			defaultConfigurationIsVisible = 0;
			defaultConfigurationName = Release;
		};
		4204C9351B02088400169446 /* Build configuration list for PBXNativeTarget "BiggerEnglish" */ = {
			isa = XCConfigurationList;
			buildConfigurations = (
				4204C9361B02088400169446 /* Debug */,
				4204C9371B02088400169446 /* Release */,
			);
			defaultConfigurationIsVisible = 0;
			defaultConfigurationName = Release;
		};
		4204C9381B02088400169446 /* Build configuration list for PBXNativeTarget "BiggerEnglishTests" */ = {
			isa = XCConfigurationList;
			buildConfigurations = (
				4204C9391B02088400169446 /* Debug */,
				4204C93A1B02088400169446 /* Release */,
			);
			defaultConfigurationIsVisible = 0;
			defaultConfigurationName = Release;
		};
/* End XCConfigurationList section */

/* Begin XCVersionGroup section */
		4204C9161B02088400169446 /* BiggerEnglish.xcdatamodeld */ = {
			isa = XCVersionGroup;
			children = (
				4204C9171B02088400169446 /* BiggerEnglish.xcdatamodel */,
			);
			currentVersion = 4204C9171B02088400169446 /* BiggerEnglish.xcdatamodel */;
			path = BiggerEnglish.xcdatamodeld;
			sourceTree = "<group>";
			versionGroupType = wrapper.xcdatamodel;
		};
/* End XCVersionGroup section */
	};
	rootObject = 4204C9041B02088400169446 /* Project object */;
}
