// !$*UTF8*$!
{
	archiveVersion = 1;
	classes = {
	};
	objectVersion = 46;
	objects = {

/* Begin PBXBuildFile section */
		4204C9121B02088400169446 /* main.m in Sources */ = {isa = PBXBuildFile; fileRef = 4204C9111B02088400169446 /* main.m */; };
		4204C9151B02088400169446 /* AppDelegate.m in Sources */ = {isa = PBXBuildFile; fileRef = 4204C9141B02088400169446 /* AppDelegate.m */; };
		4204C9181B02088400169446 /* BiggerEnglish.xcdatamodeld in Sources */ = {isa = PBXBuildFile; fileRef = 4204C9161B02088400169446 /* BiggerEnglish.xcdatamodeld */; };
		4204C9231B02088400169446 /* Images.xcassets in Resources */ = {isa = PBXBuildFile; fileRef = 4204C9221B02088400169446 /* Images.xcassets */; };
		4204C9261B02088400169446 /* LaunchScreen.xib in Resources */ = {isa = PBXBuildFile; fileRef = 4204C9241B02088400169446 /* LaunchScreen.xib */; };
		4204C9321B02088400169446 /* BiggerEnglishTests.m in Sources */ = {isa = PBXBuildFile; fileRef = 4204C9311B02088400169446 /* BiggerEnglishTests.m */; };
		421B7E3A1B09EABF009FB3F7 /* BEDailyDetailViewController.m in Sources */ = {isa = PBXBuildFile; fileRef = 421B7E391B09EABF009FB3F7 /* BEDailyDetailViewController.m */; };
		423854A71B18083400567BC3 /* BEFavouriteViewCell.m in Sources */ = {isa = PBXBuildFile; fileRef = 423854A61B18083400567BC3 /* BEFavouriteViewCell.m */; };
		423854AA1B1811CD00567BC3 /* BEDailyCommentCell.m in Sources */ = {isa = PBXBuildFile; fileRef = 423854A91B1811CD00567BC3 /* BEDailyCommentCell.m */; };
		42908FBA1B0C8CA1000F29FB /* BELazyScrollView.m in Sources */ = {isa = PBXBuildFile; fileRef = 42908FB91B0C8CA1000F29FB /* BELazyScrollView.m */; };
		429575621B02DE830064FC69 /* BERootViewController.m in Sources */ = {isa = PBXBuildFile; fileRef = 429575611B02DE830064FC69 /* BERootViewController.m */; };
		4295756D1B02DF690064FC69 /* BETranslateViewController.m in Sources */ = {isa = PBXBuildFile; fileRef = 4295756C1B02DF690064FC69 /* BETranslateViewController.m */; };
		429575721B02E2660064FC69 /* BEMenuView.m in Sources */ = {isa = PBXBuildFile; fileRef = 429575711B02E2660064FC69 /* BEMenuView.m */; };
		429575751B02E2EB0064FC69 /* BEMenuSectionView.m in Sources */ = {isa = PBXBuildFile; fileRef = 429575741B02E2EB0064FC69 /* BEMenuSectionView.m */; };
		429575781B02E3D90064FC69 /* BEMenuSectionCell.m in Sources */ = {isa = PBXBuildFile; fileRef = 429575771B02E3D90064FC69 /* BEMenuSectionCell.m */; };
		4295758B1B02EB1E0064FC69 /* EXTScope.m in Sources */ = {isa = PBXBuildFile; fileRef = 429575891B02EB1E0064FC69 /* EXTScope.m */; };
		429575911B02EC620064FC69 /* UIImage+Tint.m in Sources */ = {isa = PBXBuildFile; fileRef = 4295758E1B02EC620064FC69 /* UIImage+Tint.m */; };
		429575951B02F7EE0064FC69 /* BEDailyViewController.m in Sources */ = {isa = PBXBuildFile; fileRef = 429575941B02F7EE0064FC69 /* BEDailyViewController.m */; };
		429575991B0335840064FC69 /* SettingManager.m in Sources */ = {isa = PBXBuildFile; fileRef = 429575981B0335840064FC69 /* SettingManager.m */; };
		4297EC051B04425100CBD8CD /* BEFavouriteViewController.m in Sources */ = {isa = PBXBuildFile; fileRef = 4297EC041B04425100CBD8CD /* BEFavouriteViewController.m */; };
		4297EC081B04427000CBD8CD /* BEWordBookViewController.m in Sources */ = {isa = PBXBuildFile; fileRef = 4297EC071B04427000CBD8CD /* BEWordBookViewController.m */; };
		429E52AA1B16F5E200D9828F /* RTLabel.m in Sources */ = {isa = PBXBuildFile; fileRef = 429E52A91B16F5E200D9828F /* RTLabel.m */; };
		42B57F6B1B0D874600E85DD6 /* ResponseSuper.m in Sources */ = {isa = PBXBuildFile; fileRef = 42B57F6A1B0D874600E85DD6 /* ResponseSuper.m */; };
		42BA9D841B13180B00FB55BF /* MJRefresh.bundle in Resources */ = {isa = PBXBuildFile; fileRef = 42BA9D6C1B13180B00FB55BF /* MJRefresh.bundle */; };
		42BA9D851B13180B00FB55BF /* MJRefreshComponent.m in Sources */ = {isa = PBXBuildFile; fileRef = 42BA9D6F1B13180B00FB55BF /* MJRefreshComponent.m */; };
		42BA9D861B13180B00FB55BF /* MJRefreshConst.m in Sources */ = {isa = PBXBuildFile; fileRef = 42BA9D711B13180B00FB55BF /* MJRefreshConst.m */; };
		42BA9D871B13180B00FB55BF /* MJRefreshFooter.m in Sources */ = {isa = PBXBuildFile; fileRef = 42BA9D731B13180B00FB55BF /* MJRefreshFooter.m */; };
		42BA9D881B13180B00FB55BF /* MJRefreshGifFooter.m in Sources */ = {isa = PBXBuildFile; fileRef = 42BA9D751B13180B00FB55BF /* MJRefreshGifFooter.m */; };
		42BA9D891B13180B00FB55BF /* MJRefreshGifHeader.m in Sources */ = {isa = PBXBuildFile; fileRef = 42BA9D771B13180B00FB55BF /* MJRefreshGifHeader.m */; };
		42BA9D8A1B13180B00FB55BF /* MJRefreshHeader.m in Sources */ = {isa = PBXBuildFile; fileRef = 42BA9D791B13180B00FB55BF /* MJRefreshHeader.m */; };
		42BA9D8B1B13180B00FB55BF /* MJRefreshLegendFooter.m in Sources */ = {isa = PBXBuildFile; fileRef = 42BA9D7B1B13180B00FB55BF /* MJRefreshLegendFooter.m */; };
		42BA9D8C1B13180B00FB55BF /* MJRefreshLegendHeader.m in Sources */ = {isa = PBXBuildFile; fileRef = 42BA9D7D1B13180B00FB55BF /* MJRefreshLegendHeader.m */; };
		42BA9D8D1B13180B00FB55BF /* UIScrollView+MJExtension.m in Sources */ = {isa = PBXBuildFile; fileRef = 42BA9D7F1B13180B00FB55BF /* UIScrollView+MJExtension.m */; };
		42BA9D8E1B13180B00FB55BF /* UIScrollView+MJRefresh.m in Sources */ = {isa = PBXBuildFile; fileRef = 42BA9D811B13180B00FB55BF /* UIScrollView+MJRefresh.m */; };
		42BA9D8F1B13180B00FB55BF /* UIView+MJExtension.m in Sources */ = {isa = PBXBuildFile; fileRef = 42BA9D831B13180B00FB55BF /* UIView+MJExtension.m */; };
		42DED9351B15C22A005A5A0A /* LoveModel.m in Sources */ = {isa = PBXBuildFile; fileRef = 42DED9341B15C22A005A5A0A /* LoveModel.m */; };
		42DED9381B15C22B005A5A0A /* FavourModel.m in Sources */ = {isa = PBXBuildFile; fileRef = 42DED9371B15C22B005A5A0A /* FavourModel.m */; };
		42DED93F1B15C2F2005A5A0A /* BEDailyDetailModel.m in Sources */ = {isa = PBXBuildFile; fileRef = 42DED93C1B15C2F2005A5A0A /* BEDailyDetailModel.m */; };
		42DED9401B15C2F2005A5A0A /* BEDailyModel.m in Sources */ = {isa = PBXBuildFile; fileRef = 42DED93E1B15C2F2005A5A0A /* BEDailyModel.m */; };
		42DED9431B15C340005A5A0A /* BEDiscussModel.m in Sources */ = {isa = PBXBuildFile; fileRef = 42DED9421B15C340005A5A0A /* BEDiscussModel.m */; };
		42DED9461B15C39D005A5A0A /* BEDiscussMessageModel.m in Sources */ = {isa = PBXBuildFile; fileRef = 42DED9451B15C39D005A5A0A /* BEDiscussMessageModel.m */; };
		42DED9491B15C3B3005A5A0A /* BEDiscussDetailModel.m in Sources */ = {isa = PBXBuildFile; fileRef = 42DED9481B15C3B3005A5A0A /* BEDiscussDetailModel.m */; };
		42E52F091B1449CB00DAADF8 /* CacheManager.m in Sources */ = {isa = PBXBuildFile; fileRef = 42E52F081B1449CB00DAADF8 /* CacheManager.m */; };
		57492EC90559B49F47308340 /* libPods.a in Frameworks */ = {isa = PBXBuildFile; fileRef = EBE0D67444874CF4C3F471BE /* libPods.a */; };
/* End PBXBuildFile section */

/* Begin PBXContainerItemProxy section */
		4204C92C1B02088400169446 /* PBXContainerItemProxy */ = {
			isa = PBXContainerItemProxy;
			containerPortal = 4204C9041B02088400169446 /* Project object */;
			proxyType = 1;
			remoteGlobalIDString = 4204C90B1B02088400169446;
			remoteInfo = BiggerEnglish;
		};
/* End PBXContainerItemProxy section */

/* Begin PBXFileReference section */
		1668078FD29FAC91890E7440 /* Pods.debug.xcconfig */ = {isa = PBXFileReference; includeInIndex = 1; lastKnownFileType = text.xcconfig; name = Pods.debug.xcconfig; path = "Pods/Target Support Files/Pods/Pods.debug.xcconfig"; sourceTree = "<group>"; };
		4204C90C1B02088400169446 /* BiggerEnglish.app */ = {isa = PBXFileReference; explicitFileType = wrapper.application; includeInIndex = 0; path = BiggerEnglish.app; sourceTree = BUILT_PRODUCTS_DIR; };
		4204C9101B02088400169446 /* Info.plist */ = {isa = PBXFileReference; lastKnownFileType = text.plist.xml; path = Info.plist; sourceTree = "<group>"; };
		4204C9111B02088400169446 /* main.m */ = {isa = PBXFileReference; lastKnownFileType = sourcecode.c.objc; path = main.m; sourceTree = "<group>"; };
		4204C9131B02088400169446 /* AppDelegate.h */ = {isa = PBXFileReference; lastKnownFileType = sourcecode.c.h; path = AppDelegate.h; sourceTree = "<group>"; };
		4204C9141B02088400169446 /* AppDelegate.m */ = {isa = PBXFileReference; lastKnownFileType = sourcecode.c.objc; path = AppDelegate.m; sourceTree = "<group>"; };
		4204C9171B02088400169446 /* BiggerEnglish.xcdatamodel */ = {isa = PBXFileReference; lastKnownFileType = wrapper.xcdatamodel; path = BiggerEnglish.xcdatamodel; sourceTree = "<group>"; };
		4204C9221B02088400169446 /* Images.xcassets */ = {isa = PBXFileReference; lastKnownFileType = folder.assetcatalog; path = Images.xcassets; sourceTree = "<group>"; };
		4204C9251B02088400169446 /* Base */ = {isa = PBXFileReference; lastKnownFileType = file.xib; name = Base; path = Base.lproj/LaunchScreen.xib; sourceTree = "<group>"; };
		4204C92B1B02088400169446 /* BiggerEnglishTests.xctest */ = {isa = PBXFileReference; explicitFileType = wrapper.cfbundle; includeInIndex = 0; path = BiggerEnglishTests.xctest; sourceTree = BUILT_PRODUCTS_DIR; };
		4204C9301B02088400169446 /* Info.plist */ = {isa = PBXFileReference; lastKnownFileType = text.plist.xml; path = Info.plist; sourceTree = "<group>"; };
		4204C9311B02088400169446 /* BiggerEnglishTests.m */ = {isa = PBXFileReference; lastKnownFileType = sourcecode.c.objc; path = BiggerEnglishTests.m; sourceTree = "<group>"; };
		421B7E381B09EABF009FB3F7 /* BEDailyDetailViewController.h */ = {isa = PBXFileReference; fileEncoding = 4; lastKnownFileType = sourcecode.c.h; path = BEDailyDetailViewController.h; sourceTree = "<group>"; };
		421B7E391B09EABF009FB3F7 /* BEDailyDetailViewController.m */ = {isa = PBXFileReference; fileEncoding = 4; lastKnownFileType = sourcecode.c.objc; path = BEDailyDetailViewController.m; sourceTree = "<group>"; };
		423854A51B18083400567BC3 /* BEFavouriteViewCell.h */ = {isa = PBXFileReference; fileEncoding = 4; lastKnownFileType = sourcecode.c.h; path = BEFavouriteViewCell.h; sourceTree = "<group>"; };
		423854A61B18083400567BC3 /* BEFavouriteViewCell.m */ = {isa = PBXFileReference; fileEncoding = 4; lastKnownFileType = sourcecode.c.objc; path = BEFavouriteViewCell.m; sourceTree = "<group>"; };
		423854A81B1811CD00567BC3 /* BEDailyCommentCell.h */ = {isa = PBXFileReference; fileEncoding = 4; lastKnownFileType = sourcecode.c.h; path = BEDailyCommentCell.h; sourceTree = "<group>"; };
		423854A91B1811CD00567BC3 /* BEDailyCommentCell.m */ = {isa = PBXFileReference; fileEncoding = 4; lastKnownFileType = sourcecode.c.objc; path = BEDailyCommentCell.m; sourceTree = "<group>"; };
		42908FB81B0C8CA1000F29FB /* BELazyScrollView.h */ = {isa = PBXFileReference; fileEncoding = 4; lastKnownFileType = sourcecode.c.h; path = BELazyScrollView.h; sourceTree = "<group>"; };
		42908FB91B0C8CA1000F29FB /* BELazyScrollView.m */ = {isa = PBXFileReference; fileEncoding = 4; lastKnownFileType = sourcecode.c.objc; path = BELazyScrollView.m; sourceTree = "<group>"; };
		429575601B02DE830064FC69 /* BERootViewController.h */ = {isa = PBXFileReference; fileEncoding = 4; lastKnownFileType = sourcecode.c.h; path = BERootViewController.h; sourceTree = "<group>"; };
		429575611B02DE830064FC69 /* BERootViewController.m */ = {isa = PBXFileReference; fileEncoding = 4; lastKnownFileType = sourcecode.c.objc; path = BERootViewController.m; sourceTree = "<group>"; };
		4295756B1B02DF690064FC69 /* BETranslateViewController.h */ = {isa = PBXFileReference; fileEncoding = 4; lastKnownFileType = sourcecode.c.h; path = BETranslateViewController.h; sourceTree = "<group>"; };
		4295756C1B02DF690064FC69 /* BETranslateViewController.m */ = {isa = PBXFileReference; fileEncoding = 4; lastKnownFileType = sourcecode.c.objc; path = BETranslateViewController.m; sourceTree = "<group>"; };
		429575701B02E2660064FC69 /* BEMenuView.h */ = {isa = PBXFileReference; fileEncoding = 4; lastKnownFileType = sourcecode.c.h; path = BEMenuView.h; sourceTree = "<group>"; };
		429575711B02E2660064FC69 /* BEMenuView.m */ = {isa = PBXFileReference; fileEncoding = 4; lastKnownFileType = sourcecode.c.objc; path = BEMenuView.m; sourceTree = "<group>"; };
		429575731B02E2EB0064FC69 /* BEMenuSectionView.h */ = {isa = PBXFileReference; fileEncoding = 4; lastKnownFileType = sourcecode.c.h; path = BEMenuSectionView.h; sourceTree = "<group>"; };
		429575741B02E2EB0064FC69 /* BEMenuSectionView.m */ = {isa = PBXFileReference; fileEncoding = 4; lastKnownFileType = sourcecode.c.objc; path = BEMenuSectionView.m; sourceTree = "<group>"; };
		429575761B02E3D90064FC69 /* BEMenuSectionCell.h */ = {isa = PBXFileReference; fileEncoding = 4; lastKnownFileType = sourcecode.c.h; path = BEMenuSectionCell.h; sourceTree = "<group>"; };
		429575771B02E3D90064FC69 /* BEMenuSectionCell.m */ = {isa = PBXFileReference; fileEncoding = 4; lastKnownFileType = sourcecode.c.objc; path = BEMenuSectionCell.m; sourceTree = "<group>"; };
		429575861B02E7230064FC69 /* PrefixHeader.pch */ = {isa = PBXFileReference; lastKnownFileType = sourcecode.c.h; path = PrefixHeader.pch; sourceTree = "<group>"; };
		429575881B02EB1E0064FC69 /* EXTScope.h */ = {isa = PBXFileReference; fileEncoding = 4; lastKnownFileType = sourcecode.c.h; path = EXTScope.h; sourceTree = "<group>"; };
		429575891B02EB1E0064FC69 /* EXTScope.m */ = {isa = PBXFileReference; fileEncoding = 4; lastKnownFileType = sourcecode.c.objc; path = EXTScope.m; sourceTree = "<group>"; };
		4295758A1B02EB1E0064FC69 /* metamacros.h */ = {isa = PBXFileReference; fileEncoding = 4; lastKnownFileType = sourcecode.c.h; path = metamacros.h; sourceTree = "<group>"; };
		4295758D1B02EC620064FC69 /* UIImage+Tint.h */ = {isa = PBXFileReference; fileEncoding = 4; lastKnownFileType = sourcecode.c.h; path = "UIImage+Tint.h"; sourceTree = "<group>"; };
		4295758E1B02EC620064FC69 /* UIImage+Tint.m */ = {isa = PBXFileReference; fileEncoding = 4; lastKnownFileType = sourcecode.c.objc; path = "UIImage+Tint.m"; sourceTree = "<group>"; };
		429575931B02F7EE0064FC69 /* BEDailyViewController.h */ = {isa = PBXFileReference; fileEncoding = 4; lastKnownFileType = sourcecode.c.h; path = BEDailyViewController.h; sourceTree = "<group>"; };
		429575941B02F7EE0064FC69 /* BEDailyViewController.m */ = {isa = PBXFileReference; fileEncoding = 4; lastKnownFileType = sourcecode.c.objc; path = BEDailyViewController.m; sourceTree = "<group>"; };
		429575971B0335840064FC69 /* SettingManager.h */ = {isa = PBXFileReference; fileEncoding = 4; lastKnownFileType = sourcecode.c.h; path = SettingManager.h; sourceTree = "<group>"; };
		429575981B0335840064FC69 /* SettingManager.m */ = {isa = PBXFileReference; fileEncoding = 4; lastKnownFileType = sourcecode.c.objc; path = SettingManager.m; sourceTree = "<group>"; };
		4297EC031B04425100CBD8CD /* BEFavouriteViewController.h */ = {isa = PBXFileReference; fileEncoding = 4; lastKnownFileType = sourcecode.c.h; path = BEFavouriteViewController.h; sourceTree = "<group>"; };
		4297EC041B04425100CBD8CD /* BEFavouriteViewController.m */ = {isa = PBXFileReference; fileEncoding = 4; lastKnownFileType = sourcecode.c.objc; path = BEFavouriteViewController.m; sourceTree = "<group>"; };
		4297EC061B04427000CBD8CD /* BEWordBookViewController.h */ = {isa = PBXFileReference; fileEncoding = 4; lastKnownFileType = sourcecode.c.h; path = BEWordBookViewController.h; sourceTree = "<group>"; };
		4297EC071B04427000CBD8CD /* BEWordBookViewController.m */ = {isa = PBXFileReference; fileEncoding = 4; lastKnownFileType = sourcecode.c.objc; path = BEWordBookViewController.m; sourceTree = "<group>"; };
		4297EC0A1B04871B00CBD8CD /* CustomColor.h */ = {isa = PBXFileReference; fileEncoding = 4; lastKnownFileType = sourcecode.c.h; path = CustomColor.h; sourceTree = "<group>"; };
		429E52A81B16F5E200D9828F /* RTLabel.h */ = {isa = PBXFileReference; fileEncoding = 4; lastKnownFileType = sourcecode.c.h; path = RTLabel.h; sourceTree = "<group>"; };
		429E52A91B16F5E200D9828F /* RTLabel.m */ = {isa = PBXFileReference; fileEncoding = 4; lastKnownFileType = sourcecode.c.objc; path = RTLabel.m; sourceTree = "<group>"; };
		42B57F691B0D874600E85DD6 /* ResponseSuper.h */ = {isa = PBXFileReference; fileEncoding = 4; lastKnownFileType = sourcecode.c.h; path = ResponseSuper.h; sourceTree = "<group>"; };
		42B57F6A1B0D874600E85DD6 /* ResponseSuper.m */ = {isa = PBXFileReference; fileEncoding = 4; lastKnownFileType = sourcecode.c.objc; path = ResponseSuper.m; sourceTree = "<group>"; };
		42BA9D691B1300AA00FB55BF /* AVFoundation.framework */ = {isa = PBXFileReference; lastKnownFileType = wrapper.framework; name = AVFoundation.framework; path = System/Library/Frameworks/AVFoundation.framework; sourceTree = SDKROOT; };
		42BA9D6C1B13180B00FB55BF /* MJRefresh.bundle */ = {isa = PBXFileReference; lastKnownFileType = "wrapper.plug-in"; path = MJRefresh.bundle; sourceTree = "<group>"; };
		42BA9D6D1B13180B00FB55BF /* MJRefresh.h */ = {isa = PBXFileReference; fileEncoding = 4; lastKnownFileType = sourcecode.c.h; path = MJRefresh.h; sourceTree = "<group>"; };
		42BA9D6E1B13180B00FB55BF /* MJRefreshComponent.h */ = {isa = PBXFileReference; fileEncoding = 4; lastKnownFileType = sourcecode.c.h; path = MJRefreshComponent.h; sourceTree = "<group>"; };
		42BA9D6F1B13180B00FB55BF /* MJRefreshComponent.m */ = {isa = PBXFileReference; fileEncoding = 4; lastKnownFileType = sourcecode.c.objc; path = MJRefreshComponent.m; sourceTree = "<group>"; };
		42BA9D701B13180B00FB55BF /* MJRefreshConst.h */ = {isa = PBXFileReference; fileEncoding = 4; lastKnownFileType = sourcecode.c.h; path = MJRefreshConst.h; sourceTree = "<group>"; };
		42BA9D711B13180B00FB55BF /* MJRefreshConst.m */ = {isa = PBXFileReference; fileEncoding = 4; lastKnownFileType = sourcecode.c.objc; path = MJRefreshConst.m; sourceTree = "<group>"; };
		42BA9D721B13180B00FB55BF /* MJRefreshFooter.h */ = {isa = PBXFileReference; fileEncoding = 4; lastKnownFileType = sourcecode.c.h; path = MJRefreshFooter.h; sourceTree = "<group>"; };
		42BA9D731B13180B00FB55BF /* MJRefreshFooter.m */ = {isa = PBXFileReference; fileEncoding = 4; lastKnownFileType = sourcecode.c.objc; path = MJRefreshFooter.m; sourceTree = "<group>"; };
		42BA9D741B13180B00FB55BF /* MJRefreshGifFooter.h */ = {isa = PBXFileReference; fileEncoding = 4; lastKnownFileType = sourcecode.c.h; path = MJRefreshGifFooter.h; sourceTree = "<group>"; };
		42BA9D751B13180B00FB55BF /* MJRefreshGifFooter.m */ = {isa = PBXFileReference; fileEncoding = 4; lastKnownFileType = sourcecode.c.objc; path = MJRefreshGifFooter.m; sourceTree = "<group>"; };
		42BA9D761B13180B00FB55BF /* MJRefreshGifHeader.h */ = {isa = PBXFileReference; fileEncoding = 4; lastKnownFileType = sourcecode.c.h; path = MJRefreshGifHeader.h; sourceTree = "<group>"; };
		42BA9D771B13180B00FB55BF /* MJRefreshGifHeader.m */ = {isa = PBXFileReference; fileEncoding = 4; lastKnownFileType = sourcecode.c.objc; path = MJRefreshGifHeader.m; sourceTree = "<group>"; };
		42BA9D781B13180B00FB55BF /* MJRefreshHeader.h */ = {isa = PBXFileReference; fileEncoding = 4; lastKnownFileType = sourcecode.c.h; path = MJRefreshHeader.h; sourceTree = "<group>"; };
		42BA9D791B13180B00FB55BF /* MJRefreshHeader.m */ = {isa = PBXFileReference; fileEncoding = 4; lastKnownFileType = sourcecode.c.objc; path = MJRefreshHeader.m; sourceTree = "<group>"; };
		42BA9D7A1B13180B00FB55BF /* MJRefreshLegendFooter.h */ = {isa = PBXFileReference; fileEncoding = 4; lastKnownFileType = sourcecode.c.h; path = MJRefreshLegendFooter.h; sourceTree = "<group>"; };
		42BA9D7B1B13180B00FB55BF /* MJRefreshLegendFooter.m */ = {isa = PBXFileReference; fileEncoding = 4; lastKnownFileType = sourcecode.c.objc; path = MJRefreshLegendFooter.m; sourceTree = "<group>"; };
		42BA9D7C1B13180B00FB55BF /* MJRefreshLegendHeader.h */ = {isa = PBXFileReference; fileEncoding = 4; lastKnownFileType = sourcecode.c.h; path = MJRefreshLegendHeader.h; sourceTree = "<group>"; };
		42BA9D7D1B13180B00FB55BF /* MJRefreshLegendHeader.m */ = {isa = PBXFileReference; fileEncoding = 4; lastKnownFileType = sourcecode.c.objc; path = MJRefreshLegendHeader.m; sourceTree = "<group>"; };
		42BA9D7E1B13180B00FB55BF /* UIScrollView+MJExtension.h */ = {isa = PBXFileReference; fileEncoding = 4; lastKnownFileType = sourcecode.c.h; path = "UIScrollView+MJExtension.h"; sourceTree = "<group>"; };
		42BA9D7F1B13180B00FB55BF /* UIScrollView+MJExtension.m */ = {isa = PBXFileReference; fileEncoding = 4; lastKnownFileType = sourcecode.c.objc; path = "UIScrollView+MJExtension.m"; sourceTree = "<group>"; };
		42BA9D801B13180B00FB55BF /* UIScrollView+MJRefresh.h */ = {isa = PBXFileReference; fileEncoding = 4; lastKnownFileType = sourcecode.c.h; path = "UIScrollView+MJRefresh.h"; sourceTree = "<group>"; };
		42BA9D811B13180B00FB55BF /* UIScrollView+MJRefresh.m */ = {isa = PBXFileReference; fileEncoding = 4; lastKnownFileType = sourcecode.c.objc; path = "UIScrollView+MJRefresh.m"; sourceTree = "<group>"; };
		42BA9D821B13180B00FB55BF /* UIView+MJExtension.h */ = {isa = PBXFileReference; fileEncoding = 4; lastKnownFileType = sourcecode.c.h; path = "UIView+MJExtension.h"; sourceTree = "<group>"; };
		42BA9D831B13180B00FB55BF /* UIView+MJExtension.m */ = {isa = PBXFileReference; fileEncoding = 4; lastKnownFileType = sourcecode.c.objc; path = "UIView+MJExtension.m"; sourceTree = "<group>"; };
		42DED9331B15C22A005A5A0A /* LoveModel.h */ = {isa = PBXFileReference; fileEncoding = 4; lastKnownFileType = sourcecode.c.h; path = LoveModel.h; sourceTree = "<group>"; };
		42DED9341B15C22A005A5A0A /* LoveModel.m */ = {isa = PBXFileReference; fileEncoding = 4; lastKnownFileType = sourcecode.c.objc; path = LoveModel.m; sourceTree = "<group>"; };
		42DED9361B15C22B005A5A0A /* FavourModel.h */ = {isa = PBXFileReference; fileEncoding = 4; lastKnownFileType = sourcecode.c.h; path = FavourModel.h; sourceTree = "<group>"; };
		42DED9371B15C22B005A5A0A /* FavourModel.m */ = {isa = PBXFileReference; fileEncoding = 4; lastKnownFileType = sourcecode.c.objc; path = FavourModel.m; sourceTree = "<group>"; };
		42DED93B1B15C2F2005A5A0A /* BEDailyDetailModel.h */ = {isa = PBXFileReference; fileEncoding = 4; lastKnownFileType = sourcecode.c.h; path = BEDailyDetailModel.h; sourceTree = "<group>"; };
		42DED93C1B15C2F2005A5A0A /* BEDailyDetailModel.m */ = {isa = PBXFileReference; fileEncoding = 4; lastKnownFileType = sourcecode.c.objc; path = BEDailyDetailModel.m; sourceTree = "<group>"; };
		42DED93D1B15C2F2005A5A0A /* BEDailyModel.h */ = {isa = PBXFileReference; fileEncoding = 4; lastKnownFileType = sourcecode.c.h; path = BEDailyModel.h; sourceTree = "<group>"; };
		42DED93E1B15C2F2005A5A0A /* BEDailyModel.m */ = {isa = PBXFileReference; fileEncoding = 4; lastKnownFileType = sourcecode.c.objc; path = BEDailyModel.m; sourceTree = "<group>"; };
		42DED9411B15C340005A5A0A /* BEDiscussModel.h */ = {isa = PBXFileReference; fileEncoding = 4; lastKnownFileType = sourcecode.c.h; path = BEDiscussModel.h; sourceTree = "<group>"; };
		42DED9421B15C340005A5A0A /* BEDiscussModel.m */ = {isa = PBXFileReference; fileEncoding = 4; lastKnownFileType = sourcecode.c.objc; path = BEDiscussModel.m; sourceTree = "<group>"; };
		42DED9441B15C39D005A5A0A /* BEDiscussMessageModel.h */ = {isa = PBXFileReference; fileEncoding = 4; lastKnownFileType = sourcecode.c.h; path = BEDiscussMessageModel.h; sourceTree = "<group>"; };
		42DED9451B15C39D005A5A0A /* BEDiscussMessageModel.m */ = {isa = PBXFileReference; fileEncoding = 4; lastKnownFileType = sourcecode.c.objc; path = BEDiscussMessageModel.m; sourceTree = "<group>"; };
		42DED9471B15C3B3005A5A0A /* BEDiscussDetailModel.h */ = {isa = PBXFileReference; fileEncoding = 4; lastKnownFileType = sourcecode.c.h; path = BEDiscussDetailModel.h; sourceTree = "<group>"; };
		42DED9481B15C3B3005A5A0A /* BEDiscussDetailModel.m */ = {isa = PBXFileReference; fileEncoding = 4; lastKnownFileType = sourcecode.c.objc; path = BEDiscussDetailModel.m; sourceTree = "<group>"; };
		42E52F071B1449CB00DAADF8 /* CacheManager.h */ = {isa = PBXFileReference; fileEncoding = 4; lastKnownFileType = sourcecode.c.h; path = CacheManager.h; sourceTree = "<group>"; };
		42E52F081B1449CB00DAADF8 /* CacheManager.m */ = {isa = PBXFileReference; fileEncoding = 4; lastKnownFileType = sourcecode.c.objc; path = CacheManager.m; sourceTree = "<group>"; };
		8897E0F5A25496989256BDC0 /* Pods.release.xcconfig */ = {isa = PBXFileReference; includeInIndex = 1; lastKnownFileType = text.xcconfig; name = Pods.release.xcconfig; path = "Pods/Target Support Files/Pods/Pods.release.xcconfig"; sourceTree = "<group>"; };
		EBE0D67444874CF4C3F471BE /* libPods.a */ = {isa = PBXFileReference; explicitFileType = archive.ar; includeInIndex = 0; path = libPods.a; sourceTree = BUILT_PRODUCTS_DIR; };
/* End PBXFileReference section */

/* Begin PBXFrameworksBuildPhase section */
		4204C9091B02088400169446 /* Frameworks */ = {
			isa = PBXFrameworksBuildPhase;
			buildActionMask = 2147483647;
			files = (
				57492EC90559B49F47308340 /* libPods.a in Frameworks */,
			);
			runOnlyForDeploymentPostprocessing = 0;
		};
		4204C9281B02088400169446 /* Frameworks */ = {
			isa = PBXFrameworksBuildPhase;
			buildActionMask = 2147483647;
			files = (
			);
			runOnlyForDeploymentPostprocessing = 0;
		};
/* End PBXFrameworksBuildPhase section */

/* Begin PBXGroup section */
		34E481181C0472B64B02DF1C /* Pods */ = {
			isa = PBXGroup;
			children = (
				1668078FD29FAC91890E7440 /* Pods.debug.xcconfig */,
				8897E0F5A25496989256BDC0 /* Pods.release.xcconfig */,
			);
			name = Pods;
			sourceTree = "<group>";
		};
		4204C9031B02088400169446 = {
			isa = PBXGroup;
			children = (
				4204C90E1B02088400169446 /* BiggerEnglish */,
				4204C92E1B02088400169446 /* BiggerEnglishTests */,
				4204C90D1B02088400169446 /* Products */,
				34E481181C0472B64B02DF1C /* Pods */,
				CDFE109D945B2180FAD8D1DD /* Frameworks */,
			);
			sourceTree = "<group>";
		};
		4204C90D1B02088400169446 /* Products */ = {
			isa = PBXGroup;
			children = (
				4204C90C1B02088400169446 /* BiggerEnglish.app */,
				4204C92B1B02088400169446 /* BiggerEnglishTests.xctest */,
			);
			name = Products;
			sourceTree = "<group>";
		};
		4204C90E1B02088400169446 /* BiggerEnglish */ = {
			isa = PBXGroup;
			children = (
				4297EC091B04868900CBD8CD /* Resources */,
				429575961B0335690064FC69 /* Managers */,
				4295756E1B02E1DB0064FC69 /* Additions */,
				421B7E3B1B09F0C0009FB3F7 /* Models */,
				423854A31B1807E700567BC3 /* Views */,
				4295755B1B02DD250064FC69 /* Controllers */,
				4204C9131B02088400169446 /* AppDelegate.h */,
				4204C9141B02088400169446 /* AppDelegate.m */,
				4204C9221B02088400169446 /* Images.xcassets */,
				4204C9241B02088400169446 /* LaunchScreen.xib */,
				4204C9161B02088400169446 /* BiggerEnglish.xcdatamodeld */,
				4204C90F1B02088400169446 /* Supporting Files */,
				429575861B02E7230064FC69 /* PrefixHeader.pch */,
			);
			path = BiggerEnglish;
			sourceTree = "<group>";
		};
		4204C90F1B02088400169446 /* Supporting Files */ = {
			isa = PBXGroup;
			children = (
				4204C9101B02088400169446 /* Info.plist */,
				4204C9111B02088400169446 /* main.m */,
			);
			name = "Supporting Files";
			sourceTree = "<group>";
		};
		4204C92E1B02088400169446 /* BiggerEnglishTests */ = {
			isa = PBXGroup;
			children = (
				4204C9311B02088400169446 /* BiggerEnglishTests.m */,
				4204C92F1B02088400169446 /* Supporting Files */,
			);
			path = BiggerEnglishTests;
			sourceTree = "<group>";
		};
		4204C92F1B02088400169446 /* Supporting Files */ = {
			isa = PBXGroup;
			children = (
				4204C9301B02088400169446 /* Info.plist */,
			);
			name = "Supporting Files";
			sourceTree = "<group>";
		};
		421B7E3B1B09F0C0009FB3F7 /* Models */ = {
			isa = PBXGroup;
			children = (
				42DED93A1B15C2D5005A5A0A /* GetDaily */,
				42DED9391B15C2B3005A5A0A /* GetDiscuss */,
				42DED9321B15C1EB005A5A0A /* CoreData */,
				42B57F691B0D874600E85DD6 /* ResponseSuper.h */,
				42B57F6A1B0D874600E85DD6 /* ResponseSuper.m */,
			);
			path = Models;
			sourceTree = "<group>";
		};
		423854A31B1807E700567BC3 /* Views */ = {
			isa = PBXGroup;
			children = (
				423854A41B18080300567BC3 /* Cells */,
			);
			path = Views;
			sourceTree = "<group>";
		};
		423854A41B18080300567BC3 /* Cells */ = {
			isa = PBXGroup;
			children = (
				423854A81B1811CD00567BC3 /* BEDailyCommentCell.h */,
				423854A91B1811CD00567BC3 /* BEDailyCommentCell.m */,
				423854A51B18083400567BC3 /* BEFavouriteViewCell.h */,
				423854A61B18083400567BC3 /* BEFavouriteViewCell.m */,
			);
			path = Cells;
			sourceTree = "<group>";
		};
		42908FB71B0C8C8F000F29FB /* ScrollView */ = {
			isa = PBXGroup;
			children = (
				42908FB81B0C8CA1000F29FB /* BELazyScrollView.h */,
				42908FB91B0C8CA1000F29FB /* BELazyScrollView.m */,
			);
			path = ScrollView;
			sourceTree = "<group>";
		};
		4295755B1B02DD250064FC69 /* Controllers */ = {
			isa = PBXGroup;
			children = (
				429575601B02DE830064FC69 /* BERootViewController.h */,
				429575611B02DE830064FC69 /* BERootViewController.m */,
				4295756A1B02DF5D0064FC69 /* Sections */,
			);
			path = Controllers;
			sourceTree = "<group>";
		};
		4295756A1B02DF5D0064FC69 /* Sections */ = {
			isa = PBXGroup;
			children = (
				4295756B1B02DF690064FC69 /* BETranslateViewController.h */,
				4295756C1B02DF690064FC69 /* BETranslateViewController.m */,
				429575931B02F7EE0064FC69 /* BEDailyViewController.h */,
				429575941B02F7EE0064FC69 /* BEDailyViewController.m */,
				421B7E381B09EABF009FB3F7 /* BEDailyDetailViewController.h */,
				421B7E391B09EABF009FB3F7 /* BEDailyDetailViewController.m */,
				4297EC031B04425100CBD8CD /* BEFavouriteViewController.h */,
				4297EC041B04425100CBD8CD /* BEFavouriteViewController.m */,
				4297EC061B04427000CBD8CD /* BEWordBookViewController.h */,
				4297EC071B04427000CBD8CD /* BEWordBookViewController.m */,
			);
			path = Sections;
			sourceTree = "<group>";
		};
		4295756E1B02E1DB0064FC69 /* Additions */ = {
			isa = PBXGroup;
			children = (
				429E52A71B16F5E200D9828F /* RTLabel */,
				42BA9D6B1B13180B00FB55BF /* MJRefresh */,
				42908FB71B0C8C8F000F29FB /* ScrollView */,
				4295758C1B02EC620064FC69 /* Helpers */,
				429575871B02EB1E0064FC69 /* EXTScope */,
				4295756F1B02E2390064FC69 /* MenuView */,
			);
			path = Additions;
			sourceTree = "<group>";
		};
		4295756F1B02E2390064FC69 /* MenuView */ = {
			isa = PBXGroup;
			children = (
				429575701B02E2660064FC69 /* BEMenuView.h */,
				429575711B02E2660064FC69 /* BEMenuView.m */,
				429575731B02E2EB0064FC69 /* BEMenuSectionView.h */,
				429575741B02E2EB0064FC69 /* BEMenuSectionView.m */,
				429575761B02E3D90064FC69 /* BEMenuSectionCell.h */,
				429575771B02E3D90064FC69 /* BEMenuSectionCell.m */,
			);
			path = MenuView;
			sourceTree = "<group>";
		};
		429575871B02EB1E0064FC69 /* EXTScope */ = {
			isa = PBXGroup;
			children = (
				429575881B02EB1E0064FC69 /* EXTScope.h */,
				429575891B02EB1E0064FC69 /* EXTScope.m */,
				4295758A1B02EB1E0064FC69 /* metamacros.h */,
			);
			path = EXTScope;
			sourceTree = "<group>";
		};
		4295758C1B02EC620064FC69 /* Helpers */ = {
			isa = PBXGroup;
			children = (
				4295758D1B02EC620064FC69 /* UIImage+Tint.h */,
				4295758E1B02EC620064FC69 /* UIImage+Tint.m */,
			);
			path = Helpers;
			sourceTree = "<group>";
		};
		429575961B0335690064FC69 /* Managers */ = {
			isa = PBXGroup;
			children = (
				429575971B0335840064FC69 /* SettingManager.h */,
				429575981B0335840064FC69 /* SettingManager.m */,
				42E52F071B1449CB00DAADF8 /* CacheManager.h */,
				42E52F081B1449CB00DAADF8 /* CacheManager.m */,
			);
			path = Managers;
			sourceTree = "<group>";
		};
		4297EC091B04868900CBD8CD /* Resources */ = {
			isa = PBXGroup;
			children = (
				4297EC0A1B04871B00CBD8CD /* CustomColor.h */,
			);
			path = Resources;
			sourceTree = "<group>";
		};
		429E52A71B16F5E200D9828F /* RTLabel */ = {
			isa = PBXGroup;
			children = (
				429E52A81B16F5E200D9828F /* RTLabel.h */,
				429E52A91B16F5E200D9828F /* RTLabel.m */,
			);
			path = RTLabel;
			sourceTree = "<group>";
		};
		42BA9D6B1B13180B00FB55BF /* MJRefresh */ = {
			isa = PBXGroup;
			children = (
				42BA9D6C1B13180B00FB55BF /* MJRefresh.bundle */,
				42BA9D6D1B13180B00FB55BF /* MJRefresh.h */,
				42BA9D6E1B13180B00FB55BF /* MJRefreshComponent.h */,
				42BA9D6F1B13180B00FB55BF /* MJRefreshComponent.m */,
				42BA9D701B13180B00FB55BF /* MJRefreshConst.h */,
				42BA9D711B13180B00FB55BF /* MJRefreshConst.m */,
				42BA9D721B13180B00FB55BF /* MJRefreshFooter.h */,
				42BA9D731B13180B00FB55BF /* MJRefreshFooter.m */,
				42BA9D741B13180B00FB55BF /* MJRefreshGifFooter.h */,
				42BA9D751B13180B00FB55BF /* MJRefreshGifFooter.m */,
				42BA9D761B13180B00FB55BF /* MJRefreshGifHeader.h */,
				42BA9D771B13180B00FB55BF /* MJRefreshGifHeader.m */,
				42BA9D781B13180B00FB55BF /* MJRefreshHeader.h */,
				42BA9D791B13180B00FB55BF /* MJRefreshHeader.m */,
				42BA9D7A1B13180B00FB55BF /* MJRefreshLegendFooter.h */,
				42BA9D7B1B13180B00FB55BF /* MJRefreshLegendFooter.m */,
				42BA9D7C1B13180B00FB55BF /* MJRefreshLegendHeader.h */,
				42BA9D7D1B13180B00FB55BF /* MJRefreshLegendHeader.m */,
				42BA9D7E1B13180B00FB55BF /* UIScrollView+MJExtension.h */,
				42BA9D7F1B13180B00FB55BF /* UIScrollView+MJExtension.m */,
				42BA9D801B13180B00FB55BF /* UIScrollView+MJRefresh.h */,
				42BA9D811B13180B00FB55BF /* UIScrollView+MJRefresh.m */,
				42BA9D821B13180B00FB55BF /* UIView+MJExtension.h */,
				42BA9D831B13180B00FB55BF /* UIView+MJExtension.m */,
			);
			path = MJRefresh;
			sourceTree = "<group>";
		};
		42DED9321B15C1EB005A5A0A /* CoreData */ = {
			isa = PBXGroup;
			children = (
				42DED9361B15C22B005A5A0A /* FavourModel.h */,
				42DED9371B15C22B005A5A0A /* FavourModel.m */,
				42DED9331B15C22A005A5A0A /* LoveModel.h */,
				42DED9341B15C22A005A5A0A /* LoveModel.m */,
			);
			path = CoreData;
			sourceTree = "<group>";
		};
		42DED9391B15C2B3005A5A0A /* GetDiscuss */ = {
			isa = PBXGroup;
			children = (
				42DED9411B15C340005A5A0A /* BEDiscussModel.h */,
				42DED9421B15C340005A5A0A /* BEDiscussModel.m */,
				42DED9441B15C39D005A5A0A /* BEDiscussMessageModel.h */,
				42DED9451B15C39D005A5A0A /* BEDiscussMessageModel.m */,
				42DED9471B15C3B3005A5A0A /* BEDiscussDetailModel.h */,
				42DED9481B15C3B3005A5A0A /* BEDiscussDetailModel.m */,
			);
			path = GetDiscuss;
			sourceTree = "<group>";
		};
		42DED93A1B15C2D5005A5A0A /* GetDaily */ = {
			isa = PBXGroup;
			children = (
				42DED93B1B15C2F2005A5A0A /* BEDailyDetailModel.h */,
				42DED93C1B15C2F2005A5A0A /* BEDailyDetailModel.m */,
				42DED93D1B15C2F2005A5A0A /* BEDailyModel.h */,
				42DED93E1B15C2F2005A5A0A /* BEDailyModel.m */,
			);
			path = GetDaily;
			sourceTree = "<group>";
		};
		CDFE109D945B2180FAD8D1DD /* Frameworks */ = {
			isa = PBXGroup;
			children = (
				42BA9D691B1300AA00FB55BF /* AVFoundation.framework */,
				EBE0D67444874CF4C3F471BE /* libPods.a */,
			);
			name = Frameworks;
			sourceTree = "<group>";
		};
/* End PBXGroup section */

/* Begin PBXNativeTarget section */
		4204C90B1B02088400169446 /* BiggerEnglish */ = {
			isa = PBXNativeTarget;
			buildConfigurationList = 4204C9351B02088400169446 /* Build configuration list for PBXNativeTarget "BiggerEnglish" */;
			buildPhases = (
				D4A475E1B944874B9F10F780 /* Check Pods Manifest.lock */,
				4204C9081B02088400169446 /* Sources */,
				4204C9091B02088400169446 /* Frameworks */,
				4204C90A1B02088400169446 /* Resources */,
				41B3B4ED44BA1CF9B6270F55 /* Copy Pods Resources */,
			);
			buildRules = (
			);
			dependencies = (
			);
			name = BiggerEnglish;
			productName = BiggerEnglish;
			productReference = 4204C90C1B02088400169446 /* BiggerEnglish.app */;
			productType = "com.apple.product-type.application";
		};
		4204C92A1B02088400169446 /* BiggerEnglishTests */ = {
			isa = PBXNativeTarget;
			buildConfigurationList = 4204C9381B02088400169446 /* Build configuration list for PBXNativeTarget "BiggerEnglishTests" */;
			buildPhases = (
				4204C9271B02088400169446 /* Sources */,
				4204C9281B02088400169446 /* Frameworks */,
				4204C9291B02088400169446 /* Resources */,
			);
			buildRules = (
			);
			dependencies = (
				4204C92D1B02088400169446 /* PBXTargetDependency */,
			);
			name = BiggerEnglishTests;
			productName = BiggerEnglishTests;
			productReference = 4204C92B1B02088400169446 /* BiggerEnglishTests.xctest */;
			productType = "com.apple.product-type.bundle.unit-test";
		};
/* End PBXNativeTarget section */

/* Begin PBXProject section */
		4204C9041B02088400169446 /* Project object */ = {
			isa = PBXProject;
			attributes = {
				LastUpgradeCheck = 0630;
				ORGANIZATIONNAME = etonetech;
				TargetAttributes = {
					4204C90B1B02088400169446 = {
						CreatedOnToolsVersion = 6.3.1;
					};
					4204C92A1B02088400169446 = {
						CreatedOnToolsVersion = 6.3.1;
						TestTargetID = 4204C90B1B02088400169446;
					};
				};
			};
			buildConfigurationList = 4204C9071B02088400169446 /* Build configuration list for PBXProject "BiggerEnglish" */;
			compatibilityVersion = "Xcode 3.2";
			developmentRegion = English;
			hasScannedForEncodings = 0;
			knownRegions = (
				en,
				Base,
			);
			mainGroup = 4204C9031B02088400169446;
			productRefGroup = 4204C90D1B02088400169446 /* Products */;
			projectDirPath = "";
			projectRoot = "";
			targets = (
				4204C90B1B02088400169446 /* BiggerEnglish */,
				4204C92A1B02088400169446 /* BiggerEnglishTests */,
			);
		};
/* End PBXProject section */

/* Begin PBXResourcesBuildPhase section */
		4204C90A1B02088400169446 /* Resources */ = {
			isa = PBXResourcesBuildPhase;
			buildActionMask = 2147483647;
			files = (
				4204C9261B02088400169446 /* LaunchScreen.xib in Resources */,
				4204C9231B02088400169446 /* Images.xcassets in Resources */,
				42BA9D841B13180B00FB55BF /* MJRefresh.bundle in Resources */,
			);
			runOnlyForDeploymentPostprocessing = 0;
		};
		4204C9291B02088400169446 /* Resources */ = {
			isa = PBXResourcesBuildPhase;
			buildActionMask = 2147483647;
			files = (
			);
			runOnlyForDeploymentPostprocessing = 0;
		};
/* End PBXResourcesBuildPhase section */

/* Begin PBXShellScriptBuildPhase section */
		41B3B4ED44BA1CF9B6270F55 /* Copy Pods Resources */ = {
			isa = PBXShellScriptBuildPhase;
			buildActionMask = 2147483647;
			files = (
			);
			inputPaths = (
			);
			name = "Copy Pods Resources";
			outputPaths = (
			);
			runOnlyForDeploymentPostprocessing = 0;
			shellPath = /bin/sh;
			shellScript = "\"${SRCROOT}/Pods/Target Support Files/Pods/Pods-resources.sh\"\n";
			showEnvVarsInLog = 0;
		};
		D4A475E1B944874B9F10F780 /* Check Pods Manifest.lock */ = {
			isa = PBXShellScriptBuildPhase;
			buildActionMask = 2147483647;
			files = (
			);
			inputPaths = (
			);
			name = "Check Pods Manifest.lock";
			outputPaths = (
			);
			runOnlyForDeploymentPostprocessing = 0;
			shellPath = /bin/sh;
			shellScript = "diff \"${PODS_ROOT}/../Podfile.lock\" \"${PODS_ROOT}/Manifest.lock\" > /dev/null\nif [[ $? != 0 ]] ; then\n    cat << EOM\nerror: The sandbox is not in sync with the Podfile.lock. Run 'pod install' or update your CocoaPods installation.\nEOM\n    exit 1\nfi\n";
			showEnvVarsInLog = 0;
		};
/* End PBXShellScriptBuildPhase section */

/* Begin PBXSourcesBuildPhase section */
		4204C9081B02088400169446 /* Sources */ = {
			isa = PBXSourcesBuildPhase;
			buildActionMask = 2147483647;
			files = (
				42BA9D8D1B13180B00FB55BF /* UIScrollView+MJExtension.m in Sources */,
				4204C9151B02088400169446 /* AppDelegate.m in Sources */,
				429575751B02E2EB0064FC69 /* BEMenuSectionView.m in Sources */,
				42BA9D881B13180B00FB55BF /* MJRefreshGifFooter.m in Sources */,
				42BA9D8E1B13180B00FB55BF /* UIScrollView+MJRefresh.m in Sources */,
				42BA9D891B13180B00FB55BF /* MJRefreshGifHeader.m in Sources */,
				42DED9491B15C3B3005A5A0A /* BEDiscussDetailModel.m in Sources */,
				423854AA1B1811CD00567BC3 /* BEDailyCommentCell.m in Sources */,
				421B7E3A1B09EABF009FB3F7 /* BEDailyDetailViewController.m in Sources */,
				42DED9401B15C2F2005A5A0A /* BEDailyModel.m in Sources */,
				4297EC081B04427000CBD8CD /* BEWordBookViewController.m in Sources */,
				423854A71B18083400567BC3 /* BEFavouriteViewCell.m in Sources */,
				42BA9D861B13180B00FB55BF /* MJRefreshConst.m in Sources */,
				42B57F6B1B0D874600E85DD6 /* ResponseSuper.m in Sources */,
				42BA9D851B13180B00FB55BF /* MJRefreshComponent.m in Sources */,
				429575621B02DE830064FC69 /* BERootViewController.m in Sources */,
				42DED9351B15C22A005A5A0A /* LoveModel.m in Sources */,
				42DED93F1B15C2F2005A5A0A /* BEDailyDetailModel.m in Sources */,
				42BA9D8B1B13180B00FB55BF /* MJRefreshLegendFooter.m in Sources */,
				429575721B02E2660064FC69 /* BEMenuView.m in Sources */,
				42BA9D8F1B13180B00FB55BF /* UIView+MJExtension.m in Sources */,
				42908FBA1B0C8CA1000F29FB /* BELazyScrollView.m in Sources */,
				4295758B1B02EB1E0064FC69 /* EXTScope.m in Sources */,
				429575911B02EC620064FC69 /* UIImage+Tint.m in Sources */,
				429575951B02F7EE0064FC69 /* BEDailyViewController.m in Sources */,
				4297EC051B04425100CBD8CD /* BEFavouriteViewController.m in Sources */,
				42DED9431B15C340005A5A0A /* BEDiscussModel.m in Sources */,
				42DED9461B15C39D005A5A0A /* BEDiscussMessageModel.m in Sources */,
				42BA9D8C1B13180B00FB55BF /* MJRefreshLegendHeader.m in Sources */,
				42E52F091B1449CB00DAADF8 /* CacheManager.m in Sources */,
				4204C9121B02088400169446 /* main.m in Sources */,
				429575991B0335840064FC69 /* SettingManager.m in Sources */,
				42BA9D8A1B13180B00FB55BF /* MJRefreshHeader.m in Sources */,
				4204C9181B02088400169446 /* BiggerEnglish.xcdatamodeld in Sources */,
				429E52AA1B16F5E200D9828F /* RTLabel.m in Sources */,
				42DED9381B15C22B005A5A0A /* FavourModel.m in Sources */,
				4295756D1B02DF690064FC69 /* BETranslateViewController.m in Sources */,
				429575781B02E3D90064FC69 /* BEMenuSectionCell.m in Sources */,
				42BA9D871B13180B00FB55BF /* MJRefreshFooter.m in Sources */,
			);
			runOnlyForDeploymentPostprocessing = 0;
		};
		4204C9271B02088400169446 /* Sources */ = {
			isa = PBXSourcesBuildPhase;
			buildActionMask = 2147483647;
			files = (
				4204C9321B02088400169446 /* BiggerEnglishTests.m in Sources */,
			);
			runOnlyForDeploymentPostprocessing = 0;
		};
/* End PBXSourcesBuildPhase section */

/* Begin PBXTargetDependency section */
		4204C92D1B02088400169446 /* PBXTargetDependency */ = {
			isa = PBXTargetDependency;
			target = 4204C90B1B02088400169446 /* BiggerEnglish */;
			targetProxy = 4204C92C1B02088400169446 /* PBXContainerItemProxy */;
		};
/* End PBXTargetDependency section */

/* Begin PBXVariantGroup section */
		4204C9241B02088400169446 /* LaunchScreen.xib */ = {
			isa = PBXVariantGroup;
			children = (
				4204C9251B02088400169446 /* Base */,
			);
			name = LaunchScreen.xib;
			sourceTree = "<group>";
		};
/* End PBXVariantGroup section */

/* Begin XCBuildConfiguration section */
		4204C9331B02088400169446 /* Debug */ = {
			isa = XCBuildConfiguration;
			buildSettings = {
				ALWAYS_SEARCH_USER_PATHS = NO;
				CLANG_CXX_LANGUAGE_STANDARD = "gnu++0x";
				CLANG_CXX_LIBRARY = "libc++";
				CLANG_ENABLE_MODULES = YES;
				CLANG_ENABLE_OBJC_ARC = YES;
				CLANG_WARN_BOOL_CONVERSION = YES;
				CLANG_WARN_CONSTANT_CONVERSION = YES;
				CLANG_WARN_DIRECT_OBJC_ISA_USAGE = YES_ERROR;
				CLANG_WARN_EMPTY_BODY = YES;
				CLANG_WARN_ENUM_CONVERSION = YES;
				CLANG_WARN_INT_CONVERSION = YES;
				CLANG_WARN_OBJC_ROOT_CLASS = YES_ERROR;
				CLANG_WARN_UNREACHABLE_CODE = YES;
				CLANG_WARN__DUPLICATE_METHOD_MATCH = YES;
				CODE_SIGN_IDENTITY = "iPhone Developer: Wei Feng Hou (MCDSJY34TT)";
				"CODE_SIGN_IDENTITY[sdk=iphoneos*]" = "iPhone Developer";
				COPY_PHASE_STRIP = NO;
				DEBUG_INFORMATION_FORMAT = "dwarf-with-dsym";
				ENABLE_STRICT_OBJC_MSGSEND = YES;
				GCC_C_LANGUAGE_STANDARD = gnu99;
				GCC_DYNAMIC_NO_PIC = NO;
				GCC_NO_COMMON_BLOCKS = YES;
				GCC_OPTIMIZATION_LEVEL = 0;
				GCC_PREPROCESSOR_DEFINITIONS = (
					"DEBUG=1",
					"$(inherited)",
				);
				GCC_SYMBOLS_PRIVATE_EXTERN = NO;
				GCC_WARN_64_TO_32_BIT_CONVERSION = YES;
				GCC_WARN_ABOUT_RETURN_TYPE = YES_ERROR;
				GCC_WARN_UNDECLARED_SELECTOR = YES;
				GCC_WARN_UNINITIALIZED_AUTOS = YES_AGGRESSIVE;
				GCC_WARN_UNUSED_FUNCTION = YES;
				GCC_WARN_UNUSED_VARIABLE = YES;
				IPHONEOS_DEPLOYMENT_TARGET = 8.2;
				MTL_ENABLE_DEBUG_INFO = YES;
				ONLY_ACTIVE_ARCH = YES;
				SDKROOT = iphoneos;
				TARGETED_DEVICE_FAMILY = "1,2";
			};
			name = Debug;
		};
		4204C9341B02088400169446 /* Release */ = {
			isa = XCBuildConfiguration;
			buildSettings = {
				ALWAYS_SEARCH_USER_PATHS = NO;
				CLANG_CXX_LANGUAGE_STANDARD = "gnu++0x";
				CLANG_CXX_LIBRARY = "libc++";
				CLANG_ENABLE_MODULES = YES;
				CLANG_ENABLE_OBJC_ARC = YES;
				CLANG_WARN_BOOL_CONVERSION = YES;
				CLANG_WARN_CONSTANT_CONVERSION = YES;
				CLANG_WARN_DIRECT_OBJC_ISA_USAGE = YES_ERROR;
				CLANG_WARN_EMPTY_BODY = YES;
				CLANG_WARN_ENUM_CONVERSION = YES;
				CLANG_WARN_INT_CONVERSION = YES;
				CLANG_WARN_OBJC_ROOT_CLASS = YES_ERROR;
				CLANG_WARN_UNREACHABLE_CODE = YES;
				CLANG_WARN__DUPLICATE_METHOD_MATCH = YES;
				CODE_SIGN_IDENTITY = "iPhone Developer: Wei Feng Hou (MCDSJY34TT)";
				"CODE_SIGN_IDENTITY[sdk=iphoneos*]" = "iPhone Developer";
				COPY_PHASE_STRIP = NO;
				DEBUG_INFORMATION_FORMAT = "dwarf-with-dsym";
				ENABLE_NS_ASSERTIONS = NO;
				ENABLE_STRICT_OBJC_MSGSEND = YES;
				GCC_C_LANGUAGE_STANDARD = gnu99;
				GCC_NO_COMMON_BLOCKS = YES;
				GCC_WARN_64_TO_32_BIT_CONVERSION = YES;
				GCC_WARN_ABOUT_RETURN_TYPE = YES_ERROR;
				GCC_WARN_UNDECLARED_SELECTOR = YES;
				GCC_WARN_UNINITIALIZED_AUTOS = YES_AGGRESSIVE;
				GCC_WARN_UNUSED_FUNCTION = YES;
				GCC_WARN_UNUSED_VARIABLE = YES;
				IPHONEOS_DEPLOYMENT_TARGET = 8.2;
				MTL_ENABLE_DEBUG_INFO = NO;
				SDKROOT = iphoneos;
				TARGETED_DEVICE_FAMILY = "1,2";
				VALIDATE_PRODUCT = YES;
			};
			name = Release;
		};
		4204C9361B02088400169446 /* Debug */ = {
			isa = XCBuildConfiguration;
			baseConfigurationReference = 1668078FD29FAC91890E7440 /* Pods.debug.xcconfig */;
			buildSettings = {
				ASSETCATALOG_COMPILER_APPICON_NAME = AppIcon;
				GCC_PRECOMPILE_PREFIX_HEADER = YES;
				GCC_PREFIX_HEADER = "$(SRCROOT)/BiggerEnglish/PrefixHeader.pch";
				INFOPLIST_FILE = BiggerEnglish/Info.plist;
				LD_RUNPATH_SEARCH_PATHS = "$(inherited) @executable_path/Frameworks";
				PRODUCT_NAME = "$(TARGET_NAME)";
				TARGETED_DEVICE_FAMILY = "1,2";
			};
			name = Debug;
		};
		4204C9371B02088400169446 /* Release */ = {
			isa = XCBuildConfiguration;
			baseConfigurationReference = 8897E0F5A25496989256BDC0 /* Pods.release.xcconfig */;
			buildSettings = {
				ASSETCATALOG_COMPILER_APPICON_NAME = AppIcon;
				GCC_PRECOMPILE_PREFIX_HEADER = YES;
				GCC_PREFIX_HEADER = "$(SRCROOT)/BiggerEnglish/PrefixHeader.pch";
				INFOPLIST_FILE = BiggerEnglish/Info.plist;
				LD_RUNPATH_SEARCH_PATHS = "$(inherited) @executable_path/Frameworks";
				PRODUCT_NAME = "$(TARGET_NAME)";
				TARGETED_DEVICE_FAMILY = "1,2";
			};
			name = Release;
		};
		4204C9391B02088400169446 /* Debug */ = {
			isa = XCBuildConfiguration;
			buildSettings = {
				BUNDLE_LOADER = "$(TEST_HOST)";
				FRAMEWORK_SEARCH_PATHS = (
					"$(SDKROOT)/Developer/Library/Frameworks",
					"$(inherited)",
				);
				GCC_PREPROCESSOR_DEFINITIONS = (
					"DEBUG=1",
					"$(inherited)",
				);
				INFOPLIST_FILE = BiggerEnglishTests/Info.plist;
				LD_RUNPATH_SEARCH_PATHS = "$(inherited) @executable_path/Frameworks @loader_path/Frameworks";
				PRODUCT_NAME = "$(TARGET_NAME)";
				TEST_HOST = "$(BUILT_PRODUCTS_DIR)/BiggerEnglish.app/BiggerEnglish";
			};
			name = Debug;
		};
		4204C93A1B02088400169446 /* Release */ = {
			isa = XCBuildConfiguration;
			buildSettings = {
				BUNDLE_LOADER = "$(TEST_HOST)";
				FRAMEWORK_SEARCH_PATHS = (
					"$(SDKROOT)/Developer/Library/Frameworks",
					"$(inherited)",
				);
				INFOPLIST_FILE = BiggerEnglishTests/Info.plist;
				LD_RUNPATH_SEARCH_PATHS = "$(inherited) @executable_path/Frameworks @loader_path/Frameworks";
				PRODUCT_NAME = "$(TARGET_NAME)";
				TEST_HOST = "$(BUILT_PRODUCTS_DIR)/BiggerEnglish.app/BiggerEnglish";
			};
			name = Release;
		};
/* End XCBuildConfiguration section */

/* Begin XCConfigurationList section */
		4204C9071B02088400169446 /* Build configuration list for PBXProject "BiggerEnglish" */ = {
			isa = XCConfigurationList;
			buildConfigurations = (
				4204C9331B02088400169446 /* Debug */,
				4204C9341B02088400169446 /* Release */,
			);
			defaultConfigurationIsVisible = 0;
			defaultConfigurationName = Release;
		};
		4204C9351B02088400169446 /* Build configuration list for PBXNativeTarget "BiggerEnglish" */ = {
			isa = XCConfigurationList;
			buildConfigurations = (
				4204C9361B02088400169446 /* Debug */,
				4204C9371B02088400169446 /* Release */,
			);
			defaultConfigurationIsVisible = 0;
			defaultConfigurationName = Release;
		};
		4204C9381B02088400169446 /* Build configuration list for PBXNativeTarget "BiggerEnglishTests" */ = {
			isa = XCConfigurationList;
			buildConfigurations = (
				4204C9391B02088400169446 /* Debug */,
				4204C93A1B02088400169446 /* Release */,
			);
			defaultConfigurationIsVisible = 0;
			defaultConfigurationName = Release;
		};
/* End XCConfigurationList section */

/* Begin XCVersionGroup section */
		4204C9161B02088400169446 /* BiggerEnglish.xcdatamodeld */ = {
			isa = XCVersionGroup;
			children = (
				4204C9171B02088400169446 /* BiggerEnglish.xcdatamodel */,
			);
			currentVersion = 4204C9171B02088400169446 /* BiggerEnglish.xcdatamodel */;
			path = BiggerEnglish.xcdatamodeld;
			sourceTree = "<group>";
			versionGroupType = wrapper.xcdatamodel;
		};
/* End XCVersionGroup section */
	};
	rootObject = 4204C9041B02088400169446 /* Project object */;
}
